PODS:
  - ArcGIS-Runtime-SDK-iOS (100.9)

DEPENDENCIES:
  - ArcGIS-Runtime-SDK-iOS (~> 100.9)

SPEC REPOS:
  trunk:
    - ArcGIS-Runtime-SDK-iOS

SPEC CHECKSUMS:
  ArcGIS-Runtime-SDK-iOS: 49813cad93d11e611398d253f486b1d49dc7276f

PODFILE CHECKSUM: effad0ddfc7b04606da7a2b4d83847877a35b842

COCOAPODS: 1.9.1
