// !$*UTF8*$!
{
	archiveVersion = 1;
	classes = {
	};
	objectVersion = 51;
	objects = {

/* Begin PBXBuildFile section */
		A50E464A2449E76000D1F435 /* FeaturedWorkout.swift in Sources */ = {isa = PBXBuildFile; fileRef = A50E46492449E76000D1F435 /* FeaturedWorkout.swift */; };
		A51514482460F1B800D4D643 /* Icon.swift in Sources */ = {isa = PBXBuildFile; fileRef = A51514472460F1B800D4D643 /* Icon.swift */; };
		A5221E6E24545F00005416BC /* FilterHome.swift in Sources */ = {isa = PBXBuildFile; fileRef = A5221E6D24545F00005416BC /* FilterHome.swift */; };
		A5221E70245462B4005416BC /* DateFilter.swift in Sources */ = {isa = PBXBuildFile; fileRef = A5221E6F245462B4005416BC /* DateFilter.swift */; };
		A5221E72245462DB005416BC /* DistanceFilter.swift in Sources */ = {isa = PBXBuildFile; fileRef = A5221E71245462DB005416BC /* DistanceFilter.swift */; };
		A5221E74245462ED005416BC /* DurationFilter.swift in Sources */ = {isa = PBXBuildFile; fileRef = A5221E73245462ED005416BC /* DurationFilter.swift */; };
		A5221E76245462FE005416BC /* CaloriesFilter.swift in Sources */ = {isa = PBXBuildFile; fileRef = A5221E75245462FE005416BC /* CaloriesFilter.swift */; };
		A52F3688247ABB00008DE35B /* AboutPageCard.swift in Sources */ = {isa = PBXBuildFile; fileRef = A52F3687247ABB00008DE35B /* AboutPageCard.swift */; };
		A52F368A247B0657008DE35B /* MailView.swift in Sources */ = {isa = PBXBuildFile; fileRef = A52F3689247B0657008DE35B /* MailView.swift */; };
		A52F932524493C4900DDB791 /* ChuckNorris.swift in Sources */ = {isa = PBXBuildFile; fileRef = A52F932424493C4900DDB791 /* ChuckNorris.swift */; };
		A52FBEF82447C84900016025 /* HealthKitAssistant.swift in Sources */ = {isa = PBXBuildFile; fileRef = A52FBEF72447C84900016025 /* HealthKitAssistant.swift */; };
		A52FBEFA2447C89300016025 /* WorkoutRow.swift in Sources */ = {isa = PBXBuildFile; fileRef = A52FBEF92447C89300016025 /* WorkoutRow.swift */; };
		A52FBEFC2447C8F700016025 /* MapView.swift in Sources */ = {isa = PBXBuildFile; fileRef = A52FBEFB2447C8F700016025 /* MapView.swift */; };
		A52FBEFE2447C91700016025 /* WorkoutDetail.swift in Sources */ = {isa = PBXBuildFile; fileRef = A52FBEFD2447C91700016025 /* WorkoutDetail.swift */; };
		A52FBF012447D6ED00016025 /* HKWorkout+Extensions.swift in Sources */ = {isa = PBXBuildFile; fileRef = A52FBF002447D6ED00016025 /* HKWorkout+Extensions.swift */; };
		A5328BE8246575B700EDE94C /* GraphCapsule.swift in Sources */ = {isa = PBXBuildFile; fileRef = A5328BE7246575B700EDE94C /* GraphCapsule.swift */; };
		A5328BEA2465760900EDE94C /* Graph.swift in Sources */ = {isa = PBXBuildFile; fileRef = A5328BE92465760900EDE94C /* Graph.swift */; };
		A546226C24550BF3003BA285 /* GradientPolyline.swift in Sources */ = {isa = PBXBuildFile; fileRef = A546226B24550BF3003BA285 /* GradientPolyline.swift */; };
		A546226E2455223F003BA285 /* DailyWorkout.swift in Sources */ = {isa = PBXBuildFile; fileRef = A546226D2455223F003BA285 /* DailyWorkout.swift */; };
		A54622762459C7A4003BA285 /* DailySummary.swift in Sources */ = {isa = PBXBuildFile; fileRef = A54622752459C7A4003BA285 /* DailySummary.swift */; };
		A55C84E52449EC3F00D81C44 /* Blur.swift in Sources */ = {isa = PBXBuildFile; fileRef = A55C84E42449EC3F00D81C44 /* Blur.swift */; };
		A562B6BA245A6F4200742ECF /* SectionHeader.swift in Sources */ = {isa = PBXBuildFile; fileRef = A562B6B9245A6F4200742ECF /* SectionHeader.swift */; };
		A562B6C0245A724E00742ECF /* AboutScreen.swift in Sources */ = {isa = PBXBuildFile; fileRef = A562B6BF245A724E00742ECF /* AboutScreen.swift */; };
		A562B6C4245A72C900742ECF /* Feedback.swift in Sources */ = {isa = PBXBuildFile; fileRef = A562B6C3245A72C900742ECF /* Feedback.swift */; };
		A562B6C6245A780900742ECF /* HealthInfoScreen.swift in Sources */ = {isa = PBXBuildFile; fileRef = A562B6C5245A780900742ECF /* HealthInfoScreen.swift */; };
		A562B6C8245A786700742ECF /* WeeklySummary.swift in Sources */ = {isa = PBXBuildFile; fileRef = A562B6C7245A786700742ECF /* WeeklySummary.swift */; };
		A562B6CA245A789E00742ECF /* Badges.swift in Sources */ = {isa = PBXBuildFile; fileRef = A562B6C9245A789E00742ECF /* Badges.swift */; };
		A582894D244F7B7C00B7B6B0 /* FilterPill.swift in Sources */ = {isa = PBXBuildFile; fileRef = A582894C244F7B7C00B7B6B0 /* FilterPill.swift */; };
		A5828953244FC15600B7B6B0 /* WorkoutsMultiSelect.swift in Sources */ = {isa = PBXBuildFile; fileRef = A5828952244FC15600B7B6B0 /* WorkoutsMultiSelect.swift */; };
		A5A7FCBB2479717B00247C24 /* UnitConversion.swift in Sources */ = {isa = PBXBuildFile; fileRef = A5A7FCBA2479717B00247C24 /* UnitConversion.swift */; };
		A5A7FCBD247997C900247C24 /* AlertHelper.swift in Sources */ = {isa = PBXBuildFile; fileRef = A5A7FCBC247997C900247C24 /* AlertHelper.swift */; };
		A5AF6083244AAAAD00AB7E72 /* ToggleableHeader.swift in Sources */ = {isa = PBXBuildFile; fileRef = A5AF6082244AAAAD00AB7E72 /* ToggleableHeader.swift */; };
		A5AF6085244BAA1200AB7E72 /* WorkoutData.swift in Sources */ = {isa = PBXBuildFile; fileRef = A5AF6084244BAA1200AB7E72 /* WorkoutData.swift */; };
		A5AF6087244BAA3900AB7E72 /* FilterTypes.swift in Sources */ = {isa = PBXBuildFile; fileRef = A5AF6086244BAA3900AB7E72 /* FilterTypes.swift */; };
		A5B6CEE32448913300CF2B86 /* Date+Extensions.swift in Sources */ = {isa = PBXBuildFile; fileRef = A5B6CEE22448913300CF2B86 /* Date+Extensions.swift */; };
		A5B6CEE52448AB2D00CF2B86 /* HKWorkoutActivityType+Extension.swift in Sources */ = {isa = PBXBuildFile; fileRef = A5B6CEE42448AB2D00CF2B86 /* HKWorkoutActivityType+Extension.swift */; };
		A5B6CEE92448D30800CF2B86 /* CircleImage.swift in Sources */ = {isa = PBXBuildFile; fileRef = A5B6CEE82448D30800CF2B86 /* CircleImage.swift */; };
		A5B6CEEB2448D91100CF2B86 /* ShareSheet.swift in Sources */ = {isa = PBXBuildFile; fileRef = A5B6CEEA2448D91100CF2B86 /* ShareSheet.swift */; };
		A5B6CEED2448F30300CF2B86 /* MapImageGenerator.swift in Sources */ = {isa = PBXBuildFile; fileRef = A5B6CEEC2448F30300CF2B86 /* MapImageGenerator.swift */; };
		A5D8CD042467751000DC54FA /* EsriMapView.swift in Sources */ = {isa = PBXBuildFile; fileRef = A5D8CD032467751000DC54FA /* EsriMapView.swift */; };
		A5D8CD06246843FF00DC54FA /* ElevationChart.swift in Sources */ = {isa = PBXBuildFile; fileRef = A5D8CD05246843FF00DC54FA /* ElevationChart.swift */; };
		A5D8CD082468440900DC54FA /* SpeedChart.swift in Sources */ = {isa = PBXBuildFile; fileRef = A5D8CD072468440900DC54FA /* SpeedChart.swift */; };
		A5D8CD0A2468441700DC54FA /* HeartRateChart.swift in Sources */ = {isa = PBXBuildFile; fileRef = A5D8CD092468441700DC54FA /* HeartRateChart.swift */; };
		A5D8CD0C2468621E00DC54FA /* WorkoutDetailRevamped.swift in Sources */ = {isa = PBXBuildFile; fileRef = A5D8CD0B2468621E00DC54FA /* WorkoutDetailRevamped.swift */; };
		A5D8CD0E2468806100DC54FA /* FullScreenMapView.swift in Sources */ = {isa = PBXBuildFile; fileRef = A5D8CD0D2468806100DC54FA /* FullScreenMapView.swift */; };
		AC46320A2447593700619284 /* AppDelegate.swift in Sources */ = {isa = PBXBuildFile; fileRef = AC4632092447593700619284 /* AppDelegate.swift */; };
		AC46320C2447593700619284 /* SceneDelegate.swift in Sources */ = {isa = PBXBuildFile; fileRef = AC46320B2447593700619284 /* SceneDelegate.swift */; };
		AC46320E2447593700619284 /* HomeView.swift in Sources */ = {isa = PBXBuildFile; fileRef = AC46320D2447593700619284 /* HomeView.swift */; };
		AC4632102447593C00619284 /* Assets.xcassets in Resources */ = {isa = PBXBuildFile; fileRef = AC46320F2447593C00619284 /* Assets.xcassets */; };
		AC4632132447593C00619284 /* Preview Assets.xcassets in Resources */ = {isa = PBXBuildFile; fileRef = AC4632122447593C00619284 /* Preview Assets.xcassets */; };
		AC4632162447593C00619284 /* LaunchScreen.storyboard in Resources */ = {isa = PBXBuildFile; fileRef = AC4632142447593C00619284 /* LaunchScreen.storyboard */; };
		AC4632212447593C00619284 /* WorkoutsTests.swift in Sources */ = {isa = PBXBuildFile; fileRef = AC4632202447593C00619284 /* WorkoutsTests.swift */; };
		AC46322C2447593C00619284 /* WorkoutsUITests.swift in Sources */ = {isa = PBXBuildFile; fileRef = AC46322B2447593C00619284 /* WorkoutsUITests.swift */; };
		AC46323E244781E800619284 /* HealthKit.framework in Frameworks */ = {isa = PBXBuildFile; fileRef = AC46323D244781E800619284 /* HealthKit.framework */; };
		AC4632402447863600619284 /* ProfileView.swift in Sources */ = {isa = PBXBuildFile; fileRef = AC46323F2447863600619284 /* ProfileView.swift */; };
/* End PBXBuildFile section */

/* Begin PBXContainerItemProxy section */
		AC46321D2447593C00619284 /* PBXContainerItemProxy */ = {
			isa = PBXContainerItemProxy;
			containerPortal = AC4631FE2447593700619284 /* Project object */;
			proxyType = 1;
			remoteGlobalIDString = AC4632052447593700619284;
			remoteInfo = Workouts;
		};
		AC4632282447593C00619284 /* PBXContainerItemProxy */ = {
			isa = PBXContainerItemProxy;
			containerPortal = AC4631FE2447593700619284 /* Project object */;
			proxyType = 1;
			remoteGlobalIDString = AC4632052447593700619284;
			remoteInfo = Workouts;
		};
/* End PBXContainerItemProxy section */

/* Begin PBXFileReference section */
		A50E46492449E76000D1F435 /* FeaturedWorkout.swift */ = {isa = PBXFileReference; lastKnownFileType = sourcecode.swift; path = FeaturedWorkout.swift; sourceTree = "<group>"; };
		A51514472460F1B800D4D643 /* Icon.swift */ = {isa = PBXFileReference; lastKnownFileType = sourcecode.swift; path = Icon.swift; sourceTree = "<group>"; };
		A5221E6D24545F00005416BC /* FilterHome.swift */ = {isa = PBXFileReference; lastKnownFileType = sourcecode.swift; path = FilterHome.swift; sourceTree = "<group>"; };
		A5221E6F245462B4005416BC /* DateFilter.swift */ = {isa = PBXFileReference; lastKnownFileType = sourcecode.swift; path = DateFilter.swift; sourceTree = "<group>"; };
		A5221E71245462DB005416BC /* DistanceFilter.swift */ = {isa = PBXFileReference; lastKnownFileType = sourcecode.swift; path = DistanceFilter.swift; sourceTree = "<group>"; };
		A5221E73245462ED005416BC /* DurationFilter.swift */ = {isa = PBXFileReference; lastKnownFileType = sourcecode.swift; path = DurationFilter.swift; sourceTree = "<group>"; };
		A5221E75245462FE005416BC /* CaloriesFilter.swift */ = {isa = PBXFileReference; lastKnownFileType = sourcecode.swift; path = CaloriesFilter.swift; sourceTree = "<group>"; };
		A52F3687247ABB00008DE35B /* AboutPageCard.swift */ = {isa = PBXFileReference; lastKnownFileType = sourcecode.swift; path = AboutPageCard.swift; sourceTree = "<group>"; };
		A52F3689247B0657008DE35B /* MailView.swift */ = {isa = PBXFileReference; lastKnownFileType = sourcecode.swift; path = MailView.swift; sourceTree = "<group>"; };
		A52F932424493C4900DDB791 /* ChuckNorris.swift */ = {isa = PBXFileReference; lastKnownFileType = sourcecode.swift; path = ChuckNorris.swift; sourceTree = "<group>"; };
		A52FBEF72447C84900016025 /* HealthKitAssistant.swift */ = {isa = PBXFileReference; lastKnownFileType = sourcecode.swift; path = HealthKitAssistant.swift; sourceTree = "<group>"; };
		A52FBEF92447C89300016025 /* WorkoutRow.swift */ = {isa = PBXFileReference; lastKnownFileType = sourcecode.swift; path = WorkoutRow.swift; sourceTree = "<group>"; };
		A52FBEFB2447C8F700016025 /* MapView.swift */ = {isa = PBXFileReference; lastKnownFileType = sourcecode.swift; path = MapView.swift; sourceTree = "<group>"; };
		A52FBEFD2447C91700016025 /* WorkoutDetail.swift */ = {isa = PBXFileReference; lastKnownFileType = sourcecode.swift; path = WorkoutDetail.swift; sourceTree = "<group>"; };
		A52FBF002447D6ED00016025 /* HKWorkout+Extensions.swift */ = {isa = PBXFileReference; lastKnownFileType = sourcecode.swift; path = "HKWorkout+Extensions.swift"; sourceTree = "<group>"; };
		A5328BE7246575B700EDE94C /* GraphCapsule.swift */ = {isa = PBXFileReference; lastKnownFileType = sourcecode.swift; path = GraphCapsule.swift; sourceTree = "<group>"; };
		A5328BE92465760900EDE94C /* Graph.swift */ = {isa = PBXFileReference; lastKnownFileType = sourcecode.swift; path = Graph.swift; sourceTree = "<group>"; };
		A546226B24550BF3003BA285 /* GradientPolyline.swift */ = {isa = PBXFileReference; lastKnownFileType = sourcecode.swift; path = GradientPolyline.swift; sourceTree = "<group>"; };
		A546226D2455223F003BA285 /* DailyWorkout.swift */ = {isa = PBXFileReference; lastKnownFileType = sourcecode.swift; path = DailyWorkout.swift; sourceTree = "<group>"; };
		A54622752459C7A4003BA285 /* DailySummary.swift */ = {isa = PBXFileReference; lastKnownFileType = sourcecode.swift; path = DailySummary.swift; sourceTree = "<group>"; };
		A55C84E42449EC3F00D81C44 /* Blur.swift */ = {isa = PBXFileReference; lastKnownFileType = sourcecode.swift; path = Blur.swift; sourceTree = "<group>"; };
		A562B6B9245A6F4200742ECF /* SectionHeader.swift */ = {isa = PBXFileReference; lastKnownFileType = sourcecode.swift; path = SectionHeader.swift; sourceTree = "<group>"; };
		A562B6BF245A724E00742ECF /* AboutScreen.swift */ = {isa = PBXFileReference; lastKnownFileType = sourcecode.swift; path = AboutScreen.swift; sourceTree = "<group>"; };
		A562B6C3245A72C900742ECF /* Feedback.swift */ = {isa = PBXFileReference; lastKnownFileType = sourcecode.swift; path = Feedback.swift; sourceTree = "<group>"; };
		A562B6C5245A780900742ECF /* HealthInfoScreen.swift */ = {isa = PBXFileReference; lastKnownFileType = sourcecode.swift; path = HealthInfoScreen.swift; sourceTree = "<group>"; };
		A562B6C7245A786700742ECF /* WeeklySummary.swift */ = {isa = PBXFileReference; lastKnownFileType = sourcecode.swift; path = WeeklySummary.swift; sourceTree = "<group>"; };
		A562B6C9245A789E00742ECF /* Badges.swift */ = {isa = PBXFileReference; lastKnownFileType = sourcecode.swift; path = Badges.swift; sourceTree = "<group>"; };
		A582894C244F7B7C00B7B6B0 /* FilterPill.swift */ = {isa = PBXFileReference; lastKnownFileType = sourcecode.swift; path = FilterPill.swift; sourceTree = "<group>"; };
		A5828952244FC15600B7B6B0 /* WorkoutsMultiSelect.swift */ = {isa = PBXFileReference; lastKnownFileType = sourcecode.swift; path = WorkoutsMultiSelect.swift; sourceTree = "<group>"; };
		A5A7FCBA2479717B00247C24 /* UnitConversion.swift */ = {isa = PBXFileReference; lastKnownFileType = sourcecode.swift; path = UnitConversion.swift; sourceTree = "<group>"; };
		A5A7FCBC247997C900247C24 /* AlertHelper.swift */ = {isa = PBXFileReference; lastKnownFileType = sourcecode.swift; path = AlertHelper.swift; sourceTree = "<group>"; };
		A5AF6082244AAAAD00AB7E72 /* ToggleableHeader.swift */ = {isa = PBXFileReference; lastKnownFileType = sourcecode.swift; path = ToggleableHeader.swift; sourceTree = "<group>"; };
		A5AF6084244BAA1200AB7E72 /* WorkoutData.swift */ = {isa = PBXFileReference; lastKnownFileType = sourcecode.swift; path = WorkoutData.swift; sourceTree = "<group>"; };
		A5AF6086244BAA3900AB7E72 /* FilterTypes.swift */ = {isa = PBXFileReference; lastKnownFileType = sourcecode.swift; path = FilterTypes.swift; sourceTree = "<group>"; };
		A5B6CEE22448913300CF2B86 /* Date+Extensions.swift */ = {isa = PBXFileReference; lastKnownFileType = sourcecode.swift; path = "Date+Extensions.swift"; sourceTree = "<group>"; };
		A5B6CEE42448AB2D00CF2B86 /* HKWorkoutActivityType+Extension.swift */ = {isa = PBXFileReference; lastKnownFileType = sourcecode.swift; path = "HKWorkoutActivityType+Extension.swift"; sourceTree = "<group>"; };
		A5B6CEE82448D30800CF2B86 /* CircleImage.swift */ = {isa = PBXFileReference; lastKnownFileType = sourcecode.swift; path = CircleImage.swift; sourceTree = "<group>"; };
		A5B6CEEA2448D91100CF2B86 /* ShareSheet.swift */ = {isa = PBXFileReference; lastKnownFileType = sourcecode.swift; path = ShareSheet.swift; sourceTree = "<group>"; };
		A5B6CEEC2448F30300CF2B86 /* MapImageGenerator.swift */ = {isa = PBXFileReference; lastKnownFileType = sourcecode.swift; path = MapImageGenerator.swift; sourceTree = "<group>"; };
		A5D8CD032467751000DC54FA /* EsriMapView.swift */ = {isa = PBXFileReference; lastKnownFileType = sourcecode.swift; path = EsriMapView.swift; sourceTree = "<group>"; };
		A5D8CD05246843FF00DC54FA /* ElevationChart.swift */ = {isa = PBXFileReference; lastKnownFileType = sourcecode.swift; path = ElevationChart.swift; sourceTree = "<group>"; };
		A5D8CD072468440900DC54FA /* SpeedChart.swift */ = {isa = PBXFileReference; lastKnownFileType = sourcecode.swift; path = SpeedChart.swift; sourceTree = "<group>"; };
		A5D8CD092468441700DC54FA /* HeartRateChart.swift */ = {isa = PBXFileReference; lastKnownFileType = sourcecode.swift; path = HeartRateChart.swift; sourceTree = "<group>"; };
		A5D8CD0B2468621E00DC54FA /* WorkoutDetailRevamped.swift */ = {isa = PBXFileReference; lastKnownFileType = sourcecode.swift; path = WorkoutDetailRevamped.swift; sourceTree = "<group>"; };
		A5D8CD0D2468806100DC54FA /* FullScreenMapView.swift */ = {isa = PBXFileReference; lastKnownFileType = sourcecode.swift; path = FullScreenMapView.swift; sourceTree = "<group>"; };
		AC4632062447593700619284 /* Workouts.app */ = {isa = PBXFileReference; explicitFileType = wrapper.application; includeInIndex = 0; path = Workouts.app; sourceTree = BUILT_PRODUCTS_DIR; };
		AC4632092447593700619284 /* AppDelegate.swift */ = {isa = PBXFileReference; lastKnownFileType = sourcecode.swift; path = AppDelegate.swift; sourceTree = "<group>"; };
		AC46320B2447593700619284 /* SceneDelegate.swift */ = {isa = PBXFileReference; lastKnownFileType = sourcecode.swift; path = SceneDelegate.swift; sourceTree = "<group>"; };
		AC46320D2447593700619284 /* HomeView.swift */ = {isa = PBXFileReference; lastKnownFileType = sourcecode.swift; path = HomeView.swift; sourceTree = "<group>"; };
		AC46320F2447593C00619284 /* Assets.xcassets */ = {isa = PBXFileReference; lastKnownFileType = folder.assetcatalog; path = Assets.xcassets; sourceTree = "<group>"; };
		AC4632122447593C00619284 /* Preview Assets.xcassets */ = {isa = PBXFileReference; lastKnownFileType = folder.assetcatalog; path = "Preview Assets.xcassets"; sourceTree = "<group>"; };
		AC4632152447593C00619284 /* Base */ = {isa = PBXFileReference; lastKnownFileType = file.storyboard; name = Base; path = Base.lproj/LaunchScreen.storyboard; sourceTree = "<group>"; };
		AC4632172447593C00619284 /* Info.plist */ = {isa = PBXFileReference; lastKnownFileType = text.plist.xml; path = Info.plist; sourceTree = "<group>"; };
		AC46321C2447593C00619284 /* WorkoutsTests.xctest */ = {isa = PBXFileReference; explicitFileType = wrapper.cfbundle; includeInIndex = 0; path = WorkoutsTests.xctest; sourceTree = BUILT_PRODUCTS_DIR; };
		AC4632202447593C00619284 /* WorkoutsTests.swift */ = {isa = PBXFileReference; lastKnownFileType = sourcecode.swift; path = WorkoutsTests.swift; sourceTree = "<group>"; };
		AC4632222447593C00619284 /* Info.plist */ = {isa = PBXFileReference; lastKnownFileType = text.plist.xml; path = Info.plist; sourceTree = "<group>"; };
		AC4632272447593C00619284 /* WorkoutsUITests.xctest */ = {isa = PBXFileReference; explicitFileType = wrapper.cfbundle; includeInIndex = 0; path = WorkoutsUITests.xctest; sourceTree = BUILT_PRODUCTS_DIR; };
		AC46322B2447593C00619284 /* WorkoutsUITests.swift */ = {isa = PBXFileReference; lastKnownFileType = sourcecode.swift; path = WorkoutsUITests.swift; sourceTree = "<group>"; };
		AC46322D2447593C00619284 /* Info.plist */ = {isa = PBXFileReference; lastKnownFileType = text.plist.xml; path = Info.plist; sourceTree = "<group>"; };
		AC46323B244781E800619284 /* Workouts.entitlements */ = {isa = PBXFileReference; lastKnownFileType = text.plist.entitlements; path = Workouts.entitlements; sourceTree = "<group>"; };
		AC46323D244781E800619284 /* HealthKit.framework */ = {isa = PBXFileReference; lastKnownFileType = wrapper.framework; name = HealthKit.framework; path = System/Library/Frameworks/HealthKit.framework; sourceTree = SDKROOT; };
		AC46323F2447863600619284 /* ProfileView.swift */ = {isa = PBXFileReference; lastKnownFileType = sourcecode.swift; path = ProfileView.swift; sourceTree = "<group>"; };
		ACB7D44024478A3500D2B680 /* HomeKit.framework */ = {isa = PBXFileReference; lastKnownFileType = wrapper.framework; name = HomeKit.framework; path = System/Library/Frameworks/HomeKit.framework; sourceTree = SDKROOT; };
/* End PBXFileReference section */

/* Begin PBXFrameworksBuildPhase section */
		AC4632032447593700619284 /* Frameworks */ = {
			isa = PBXFrameworksBuildPhase;
			buildActionMask = 2147483647;
			files = (
				AC46323E244781E800619284 /* HealthKit.framework in Frameworks */,
			);
			runOnlyForDeploymentPostprocessing = 0;
		};
		AC4632192447593C00619284 /* Frameworks */ = {
			isa = PBXFrameworksBuildPhase;
			buildActionMask = 2147483647;
			files = (
			);
			runOnlyForDeploymentPostprocessing = 0;
		};
		AC4632242447593C00619284 /* Frameworks */ = {
			isa = PBXFrameworksBuildPhase;
			buildActionMask = 2147483647;
			files = (
			);
			runOnlyForDeploymentPostprocessing = 0;
		};
/* End PBXFrameworksBuildPhase section */

/* Begin PBXGroup section */
		A5199FCC245486FA002474AD /* ProfileScreen */ = {
			isa = PBXGroup;
			children = (
				A562B6BC245A722E00742ECF /* AppInfoRelated */,
				A562B6BB245A722500742ECF /* ProfileRelated */,
				AC46323F2447863600619284 /* ProfileView.swift */,
			);
			path = ProfileScreen;
			sourceTree = "<group>";
		};
		A5199FCD2454870E002474AD /* HomeScreen */ = {
			isa = PBXGroup;
			children = (
				AC46320D2447593700619284 /* HomeView.swift */,
			);
			path = HomeScreen;
			sourceTree = "<group>";
		};
		A5199FCE24548717002474AD /* SharedComponents */ = {
			isa = PBXGroup;
			children = (
				A5328BE6246575A500EDE94C /* Charts */,
				A5B6CEEA2448D91100CF2B86 /* ShareSheet.swift */,
				A52FBEF92447C89300016025 /* WorkoutRow.swift */,
				A5B6CEE82448D30800CF2B86 /* CircleImage.swift */,
				A582894C244F7B7C00B7B6B0 /* FilterPill.swift */,
				A55C84E42449EC3F00D81C44 /* Blur.swift */,
				A52FBEFB2447C8F700016025 /* MapView.swift */,
				A50E46492449E76000D1F435 /* FeaturedWorkout.swift */,
				A546226D2455223F003BA285 /* DailyWorkout.swift */,
				A562B6B9245A6F4200742ECF /* SectionHeader.swift */,
				A51514472460F1B800D4D643 /* Icon.swift */,
				A5D8CD032467751000DC54FA /* EsriMapView.swift */,
				A52F3687247ABB00008DE35B /* AboutPageCard.swift */,
				A52F3689247B0657008DE35B /* MailView.swift */,
			);
			path = SharedComponents;
			sourceTree = "<group>";
		};
		A5199FCF24548736002474AD /* WorkoutDetailScreen */ = {
			isa = PBXGroup;
			children = (
				A52FBEFD2447C91700016025 /* WorkoutDetail.swift */,
				A5D8CD0B2468621E00DC54FA /* WorkoutDetailRevamped.swift */,
			);
			path = WorkoutDetailScreen;
			sourceTree = "<group>";
		};
		A5221E6C24545ED6005416BC /* FilterScreen */ = {
			isa = PBXGroup;
			children = (
				A5221E6D24545F00005416BC /* FilterHome.swift */,
				A5828952244FC15600B7B6B0 /* WorkoutsMultiSelect.swift */,
				A5221E6F245462B4005416BC /* DateFilter.swift */,
				A5221E71245462DB005416BC /* DistanceFilter.swift */,
				A5221E73245462ED005416BC /* DurationFilter.swift */,
				A5221E75245462FE005416BC /* CaloriesFilter.swift */,
				A5AF6082244AAAAD00AB7E72 /* ToggleableHeader.swift */,
			);
			path = FilterScreen;
			sourceTree = "<group>";
		};
		A52FBEF22447BF9E00016025 /* SupportingViews */ = {
			isa = PBXGroup;
			children = (
				A5D8CD0F2468807000DC54FA /* FullScreenMap */,
				A54622742459C77E003BA285 /* DailySummaryScreen */,
				A5199FCD2454870E002474AD /* HomeScreen */,
				A5199FCC245486FA002474AD /* ProfileScreen */,
				A5221E6C24545ED6005416BC /* FilterScreen */,
				A5199FCF24548736002474AD /* WorkoutDetailScreen */,
				A5199FCE24548717002474AD /* SharedComponents */,
			);
			path = SupportingViews;
			sourceTree = "<group>";
		};
		A52FBEF32447C81000016025 /* Models */ = {
			isa = PBXGroup;
			children = (
				A5AF6084244BAA1200AB7E72 /* WorkoutData.swift */,
				A5AF6086244BAA3900AB7E72 /* FilterTypes.swift */,
			);
			path = Models;
			sourceTree = "<group>";
		};
		A52FBEF62447C83B00016025 /* HelpersAndExtensions */ = {
			isa = PBXGroup;
			children = (
				A52FBF002447D6ED00016025 /* HKWorkout+Extensions.swift */,
				A52FBEF72447C84900016025 /* HealthKitAssistant.swift */,
				A5B6CEE22448913300CF2B86 /* Date+Extensions.swift */,
				A5B6CEE42448AB2D00CF2B86 /* HKWorkoutActivityType+Extension.swift */,
				A5B6CEEC2448F30300CF2B86 /* MapImageGenerator.swift */,
				A52F932424493C4900DDB791 /* ChuckNorris.swift */,
				A546226B24550BF3003BA285 /* GradientPolyline.swift */,
				A5A7FCBA2479717B00247C24 /* UnitConversion.swift */,
				A5A7FCBC247997C900247C24 /* AlertHelper.swift */,
			);
			path = HelpersAndExtensions;
			sourceTree = "<group>";
		};
		A5328BE6246575A500EDE94C /* Charts */ = {
			isa = PBXGroup;
			children = (
				A5328BE7246575B700EDE94C /* GraphCapsule.swift */,
				A5328BE92465760900EDE94C /* Graph.swift */,
				A5D8CD05246843FF00DC54FA /* ElevationChart.swift */,
				A5D8CD072468440900DC54FA /* SpeedChart.swift */,
				A5D8CD092468441700DC54FA /* HeartRateChart.swift */,
			);
			path = Charts;
			sourceTree = "<group>";
		};
		A54622742459C77E003BA285 /* DailySummaryScreen */ = {
			isa = PBXGroup;
			children = (
				A54622752459C7A4003BA285 /* DailySummary.swift */,
			);
			path = DailySummaryScreen;
			sourceTree = "<group>";
		};
		A562B6BB245A722500742ECF /* ProfileRelated */ = {
			isa = PBXGroup;
			children = (
				A562B6C5245A780900742ECF /* HealthInfoScreen.swift */,
				A562B6C7245A786700742ECF /* WeeklySummary.swift */,
				A562B6C9245A789E00742ECF /* Badges.swift */,
			);
			path = ProfileRelated;
			sourceTree = "<group>";
		};
		A562B6BC245A722E00742ECF /* AppInfoRelated */ = {
			isa = PBXGroup;
			children = (
				A562B6BF245A724E00742ECF /* AboutScreen.swift */,
				A562B6C3245A72C900742ECF /* Feedback.swift */,
			);
			path = AppInfoRelated;
			sourceTree = "<group>";
		};
		A5D8CD0F2468807000DC54FA /* FullScreenMap */ = {
			isa = PBXGroup;
			children = (
				A5D8CD0D2468806100DC54FA /* FullScreenMapView.swift */,
			);
			path = FullScreenMap;
			sourceTree = "<group>";
		};
		AC4631FD2447593700619284 = {
			isa = PBXGroup;
			children = (
				AC4632082447593700619284 /* Workouts */,
				AC46321F2447593C00619284 /* WorkoutsTests */,
				AC46322A2447593C00619284 /* WorkoutsUITests */,
				AC4632072447593700619284 /* Products */,
				AC46323C244781E800619284 /* Frameworks */,
			);
			sourceTree = "<group>";
		};
		AC4632072447593700619284 /* Products */ = {
			isa = PBXGroup;
			children = (
				AC4632062447593700619284 /* Workouts.app */,
				AC46321C2447593C00619284 /* WorkoutsTests.xctest */,
				AC4632272447593C00619284 /* WorkoutsUITests.xctest */,
			);
			name = Products;
			sourceTree = "<group>";
		};
		AC4632082447593700619284 /* Workouts */ = {
			isa = PBXGroup;
			children = (
				A52FBEF62447C83B00016025 /* HelpersAndExtensions */,
				A52FBEF32447C81000016025 /* Models */,
				A52FBEF22447BF9E00016025 /* SupportingViews */,
				AC4632092447593700619284 /* AppDelegate.swift */,
				AC46320B2447593700619284 /* SceneDelegate.swift */,
				AC46320F2447593C00619284 /* Assets.xcassets */,
				AC46323B244781E800619284 /* Workouts.entitlements */,
				AC4632172447593C00619284 /* Info.plist */,
				AC4632142447593C00619284 /* LaunchScreen.storyboard */,
				AC4632112447593C00619284 /* Preview Content */,
			);
			path = Workouts;
			sourceTree = "<group>";
		};
		AC4632112447593C00619284 /* Preview Content */ = {
			isa = PBXGroup;
			children = (
				AC4632122447593C00619284 /* Preview Assets.xcassets */,
			);
			path = "Preview Content";
			sourceTree = "<group>";
		};
		AC46321F2447593C00619284 /* WorkoutsTests */ = {
			isa = PBXGroup;
			children = (
				AC4632202447593C00619284 /* WorkoutsTests.swift */,
				AC4632222447593C00619284 /* Info.plist */,
			);
			path = WorkoutsTests;
			sourceTree = "<group>";
		};
		AC46322A2447593C00619284 /* WorkoutsUITests */ = {
			isa = PBXGroup;
			children = (
				AC46322B2447593C00619284 /* WorkoutsUITests.swift */,
				AC46322D2447593C00619284 /* Info.plist */,
			);
			path = WorkoutsUITests;
			sourceTree = "<group>";
		};
		AC46323C244781E800619284 /* Frameworks */ = {
			isa = PBXGroup;
			children = (
				ACB7D44024478A3500D2B680 /* HomeKit.framework */,
				AC46323D244781E800619284 /* HealthKit.framework */,
			);
			name = Frameworks;
			sourceTree = "<group>";
		};
/* End PBXGroup section */

/* Begin PBXNativeTarget section */
		AC4632052447593700619284 /* Workouts */ = {
			isa = PBXNativeTarget;
			buildConfigurationList = AC4632302447593C00619284 /* Build configuration list for PBXNativeTarget "Workouts" */;
			buildPhases = (
				AC4632022447593700619284 /* Sources */,
				AC4632032447593700619284 /* Frameworks */,
				AC4632042447593700619284 /* Resources */,
			);
			buildRules = (
			);
			dependencies = (
			);
			name = Workouts;
			productName = Workouts;
			productReference = AC4632062447593700619284 /* Workouts.app */;
			productType = "com.apple.product-type.application";
		};
		AC46321B2447593C00619284 /* WorkoutsTests */ = {
			isa = PBXNativeTarget;
			buildConfigurationList = AC4632332447593C00619284 /* Build configuration list for PBXNativeTarget "WorkoutsTests" */;
			buildPhases = (
				2FA36E8D86886D5BDC723B29 /* [CP] Check Pods Manifest.lock */,
				AC4632182447593C00619284 /* Sources */,
				AC4632192447593C00619284 /* Frameworks */,
				AC46321A2447593C00619284 /* Resources */,
			);
			buildRules = (
			);
			dependencies = (
				AC46321E2447593C00619284 /* PBXTargetDependency */,
			);
			name = WorkoutsTests;
			productName = WorkoutsTests;
			productReference = AC46321C2447593C00619284 /* WorkoutsTests.xctest */;
			productType = "com.apple.product-type.bundle.unit-test";
		};
		AC4632262447593C00619284 /* WorkoutsUITests */ = {
			isa = PBXNativeTarget;
			buildConfigurationList = AC4632362447593C00619284 /* Build configuration list for PBXNativeTarget "WorkoutsUITests" */;
			buildPhases = (
				0A7B578E9F8714F9207CDE9E /* [CP] Check Pods Manifest.lock */,
				AC4632232447593C00619284 /* Sources */,
				AC4632242447593C00619284 /* Frameworks */,
				AC4632252447593C00619284 /* Resources */,
				99AB91AA647CF39322C27848 /* [CP] Embed Pods Frameworks */,
			);
			buildRules = (
			);
			dependencies = (
				AC4632292447593C00619284 /* PBXTargetDependency */,
			);
			name = WorkoutsUITests;
			productName = WorkoutsUITests;
			productReference = AC4632272447593C00619284 /* WorkoutsUITests.xctest */;
			productType = "com.apple.product-type.bundle.ui-testing";
		};
/* End PBXNativeTarget section */

/* Begin PBXProject section */
		AC4631FE2447593700619284 /* Project object */ = {
			isa = PBXProject;
			attributes = {
				LastSwiftUpdateCheck = 1140;
				LastUpgradeCheck = 1140;
				ORGANIZATIONNAME = "Dawit Elias";
				TargetAttributes = {
					AC4632052447593700619284 = {
						CreatedOnToolsVersion = 11.4;
					};
					AC46321B2447593C00619284 = {
						CreatedOnToolsVersion = 11.4;
						TestTargetID = AC4632052447593700619284;
					};
					AC4632262447593C00619284 = {
						CreatedOnToolsVersion = 11.4;
						TestTargetID = AC4632052447593700619284;
					};
				};
			};
			buildConfigurationList = AC4632012447593700619284 /* Build configuration list for PBXProject "Workouts" */;
			compatibilityVersion = "Xcode 9.3";
			developmentRegion = en;
			hasScannedForEncodings = 0;
			knownRegions = (
				en,
				Base,
			);
			mainGroup = AC4631FD2447593700619284;
			productRefGroup = AC4632072447593700619284 /* Products */;
			projectDirPath = "";
			projectRoot = "";
			targets = (
				AC4632052447593700619284 /* Workouts */,
				AC46321B2447593C00619284 /* WorkoutsTests */,
				AC4632262447593C00619284 /* WorkoutsUITests */,
			);
		};
/* End PBXProject section */

/* Begin PBXResourcesBuildPhase section */
		AC4632042447593700619284 /* Resources */ = {
			isa = PBXResourcesBuildPhase;
			buildActionMask = 2147483647;
			files = (
				AC4632162447593C00619284 /* LaunchScreen.storyboard in Resources */,
				AC4632132447593C00619284 /* Preview Assets.xcassets in Resources */,
				AC4632102447593C00619284 /* Assets.xcassets in Resources */,
			);
			runOnlyForDeploymentPostprocessing = 0;
		};
		AC46321A2447593C00619284 /* Resources */ = {
			isa = PBXResourcesBuildPhase;
			buildActionMask = 2147483647;
			files = (
			);
			runOnlyForDeploymentPostprocessing = 0;
		};
		AC4632252447593C00619284 /* Resources */ = {
			isa = PBXResourcesBuildPhase;
			buildActionMask = 2147483647;
			files = (
			);
			runOnlyForDeploymentPostprocessing = 0;
		};
/* End PBXResourcesBuildPhase section */

/* Begin PBXShellScriptBuildPhase section */
		0A7B578E9F8714F9207CDE9E /* [CP] Check Pods Manifest.lock */ = {
			isa = PBXShellScriptBuildPhase;
			buildActionMask = 2147483647;
			files = (
			);
			inputFileListPaths = (
			);
			inputPaths = (
				"${PODS_PODFILE_DIR_PATH}/Podfile.lock",
				"${PODS_ROOT}/Manifest.lock",
			);
			name = "[CP] Check Pods Manifest.lock";
			outputFileListPaths = (
			);
			outputPaths = (
				"$(DERIVED_FILE_DIR)/Pods-Workouts-WorkoutsUITests-checkManifestLockResult.txt",
			);
			runOnlyForDeploymentPostprocessing = 0;
			shellPath = /bin/sh;
			shellScript = "diff \"${PODS_PODFILE_DIR_PATH}/Podfile.lock\" \"${PODS_ROOT}/Manifest.lock\" > /dev/null\nif [ $? != 0 ] ; then\n    # print error to STDERR\n    echo \"error: The sandbox is not in sync with the Podfile.lock. Run 'pod install' or update your CocoaPods installation.\" >&2\n    exit 1\nfi\n# This output is used by Xcode 'outputs' to avoid re-running this script phase.\necho \"SUCCESS\" > \"${SCRIPT_OUTPUT_FILE_0}\"\n";
			showEnvVarsInLog = 0;
		};
		2FA36E8D86886D5BDC723B29 /* [CP] Check Pods Manifest.lock */ = {
			isa = PBXShellScriptBuildPhase;
			buildActionMask = 2147483647;
			files = (
			);
			inputFileListPaths = (
			);
			inputPaths = (
				"${PODS_PODFILE_DIR_PATH}/Podfile.lock",
				"${PODS_ROOT}/Manifest.lock",
			);
			name = "[CP] Check Pods Manifest.lock";
			outputFileListPaths = (
			);
			outputPaths = (
				"$(DERIVED_FILE_DIR)/Pods-WorkoutsTests-checkManifestLockResult.txt",
			);
			runOnlyForDeploymentPostprocessing = 0;
			shellPath = /bin/sh;
			shellScript = "diff \"${PODS_PODFILE_DIR_PATH}/Podfile.lock\" \"${PODS_ROOT}/Manifest.lock\" > /dev/null\nif [ $? != 0 ] ; then\n    # print error to STDERR\n    echo \"error: The sandbox is not in sync with the Podfile.lock. Run 'pod install' or update your CocoaPods installation.\" >&2\n    exit 1\nfi\n# This output is used by Xcode 'outputs' to avoid re-running this script phase.\necho \"SUCCESS\" > \"${SCRIPT_OUTPUT_FILE_0}\"\n";
			showEnvVarsInLog = 0;
		};
		99AB91AA647CF39322C27848 /* [CP] Embed Pods Frameworks */ = {
			isa = PBXShellScriptBuildPhase;
			buildActionMask = 2147483647;
			files = (
			);
			inputFileListPaths = (
				"${PODS_ROOT}/Target Support Files/Pods-Workouts-WorkoutsUITests/Pods-Workouts-WorkoutsUITests-frameworks-${CONFIGURATION}-input-files.xcfilelist",
			);
			name = "[CP] Embed Pods Frameworks";
			outputFileListPaths = (
				"${PODS_ROOT}/Target Support Files/Pods-Workouts-WorkoutsUITests/Pods-Workouts-WorkoutsUITests-frameworks-${CONFIGURATION}-output-files.xcfilelist",
			);
			runOnlyForDeploymentPostprocessing = 0;
			shellPath = /bin/sh;
			shellScript = "\"${PODS_ROOT}/Target Support Files/Pods-Workouts-WorkoutsUITests/Pods-Workouts-WorkoutsUITests-frameworks.sh\"\n";
			showEnvVarsInLog = 0;
		};
/* End PBXShellScriptBuildPhase section */

/* Begin PBXSourcesBuildPhase section */
		AC4632022447593700619284 /* Sources */ = {
			isa = PBXSourcesBuildPhase;
			buildActionMask = 2147483647;
			files = (
				A52FBEFA2447C89300016025 /* WorkoutRow.swift in Sources */,
				A5D8CD0A2468441700DC54FA /* HeartRateChart.swift in Sources */,
				A5A7FCBB2479717B00247C24 /* UnitConversion.swift in Sources */,
				A5D8CD042467751000DC54FA /* EsriMapView.swift in Sources */,
				A52F932524493C4900DDB791 /* ChuckNorris.swift in Sources */,
				A5828953244FC15600B7B6B0 /* WorkoutsMultiSelect.swift in Sources */,
				A5D8CD082468440900DC54FA /* SpeedChart.swift in Sources */,
				A562B6C6245A780900742ECF /* HealthInfoScreen.swift in Sources */,
				A5221E72245462DB005416BC /* DistanceFilter.swift in Sources */,
				A5B6CEED2448F30300CF2B86 /* MapImageGenerator.swift in Sources */,
				A5B6CEE52448AB2D00CF2B86 /* HKWorkoutActivityType+Extension.swift in Sources */,
				A546226C24550BF3003BA285 /* GradientPolyline.swift in Sources */,
				A562B6BA245A6F4200742ECF /* SectionHeader.swift in Sources */,
				A51514482460F1B800D4D643 /* Icon.swift in Sources */,
				A562B6C0245A724E00742ECF /* AboutScreen.swift in Sources */,
				A50E464A2449E76000D1F435 /* FeaturedWorkout.swift in Sources */,
				A5221E74245462ED005416BC /* DurationFilter.swift in Sources */,
				A562B6C4245A72C900742ECF /* Feedback.swift in Sources */,
				A5B6CEE32448913300CF2B86 /* Date+Extensions.swift in Sources */,
				AC46320A2447593700619284 /* AppDelegate.swift in Sources */,
				A5AF6083244AAAAD00AB7E72 /* ToggleableHeader.swift in Sources */,
				A5AF6087244BAA3900AB7E72 /* FilterTypes.swift in Sources */,
				A562B6C8245A786700742ECF /* WeeklySummary.swift in Sources */,
				A55C84E52449EC3F00D81C44 /* Blur.swift in Sources */,
				A582894D244F7B7C00B7B6B0 /* FilterPill.swift in Sources */,
				A5D8CD0E2468806100DC54FA /* FullScreenMapView.swift in Sources */,
				A5D8CD06246843FF00DC54FA /* ElevationChart.swift in Sources */,
				A5D8CD0C2468621E00DC54FA /* WorkoutDetailRevamped.swift in Sources */,
				A562B6CA245A789E00742ECF /* Badges.swift in Sources */,
				A52F368A247B0657008DE35B /* MailView.swift in Sources */,
				A5221E76245462FE005416BC /* CaloriesFilter.swift in Sources */,
				A5AF6085244BAA1200AB7E72 /* WorkoutData.swift in Sources */,
				A5328BEA2465760900EDE94C /* Graph.swift in Sources */,
				A52FBF012447D6ED00016025 /* HKWorkout+Extensions.swift in Sources */,
				A546226E2455223F003BA285 /* DailyWorkout.swift in Sources */,
				A5B6CEEB2448D91100CF2B86 /* ShareSheet.swift in Sources */,
				A5221E6E24545F00005416BC /* FilterHome.swift in Sources */,
				A5A7FCBD247997C900247C24 /* AlertHelper.swift in Sources */,
				AC4632402447863600619284 /* ProfileView.swift in Sources */,
				A5328BE8246575B700EDE94C /* GraphCapsule.swift in Sources */,
				AC46320C2447593700619284 /* SceneDelegate.swift in Sources */,
				A5221E70245462B4005416BC /* DateFilter.swift in Sources */,
				A52FBEFE2447C91700016025 /* WorkoutDetail.swift in Sources */,
				A52F3688247ABB00008DE35B /* AboutPageCard.swift in Sources */,
				A54622762459C7A4003BA285 /* DailySummary.swift in Sources */,
				A52FBEFC2447C8F700016025 /* MapView.swift in Sources */,
				A52FBEF82447C84900016025 /* HealthKitAssistant.swift in Sources */,
				AC46320E2447593700619284 /* HomeView.swift in Sources */,
				A5B6CEE92448D30800CF2B86 /* CircleImage.swift in Sources */,
			);
			runOnlyForDeploymentPostprocessing = 0;
		};
		AC4632182447593C00619284 /* Sources */ = {
			isa = PBXSourcesBuildPhase;
			buildActionMask = 2147483647;
			files = (
				AC4632212447593C00619284 /* WorkoutsTests.swift in Sources */,
			);
			runOnlyForDeploymentPostprocessing = 0;
		};
		AC4632232447593C00619284 /* Sources */ = {
			isa = PBXSourcesBuildPhase;
			buildActionMask = 2147483647;
			files = (
				AC46322C2447593C00619284 /* WorkoutsUITests.swift in Sources */,
			);
			runOnlyForDeploymentPostprocessing = 0;
		};
/* End PBXSourcesBuildPhase section */

/* Begin PBXTargetDependency section */
		AC46321E2447593C00619284 /* PBXTargetDependency */ = {
			isa = PBXTargetDependency;
			target = AC4632052447593700619284 /* Workouts */;
			targetProxy = AC46321D2447593C00619284 /* PBXContainerItemProxy */;
		};
		AC4632292447593C00619284 /* PBXTargetDependency */ = {
			isa = PBXTargetDependency;
			target = AC4632052447593700619284 /* Workouts */;
			targetProxy = AC4632282447593C00619284 /* PBXContainerItemProxy */;
		};
/* End PBXTargetDependency section */

/* Begin PBXVariantGroup section */
		AC4632142447593C00619284 /* LaunchScreen.storyboard */ = {
			isa = PBXVariantGroup;
			children = (
				AC4632152447593C00619284 /* Base */,
			);
			name = LaunchScreen.storyboard;
			sourceTree = "<group>";
		};
/* End PBXVariantGroup section */

/* Begin XCBuildConfiguration section */
		AC46322E2447593C00619284 /* Debug */ = {
			isa = XCBuildConfiguration;
			buildSettings = {
				ALWAYS_SEARCH_USER_PATHS = NO;
				CLANG_ANALYZER_NONNULL = YES;
				CLANG_ANALYZER_NUMBER_OBJECT_CONVERSION = YES_AGGRESSIVE;
				CLANG_CXX_LANGUAGE_STANDARD = "gnu++14";
				CLANG_CXX_LIBRARY = "libc++";
				CLANG_ENABLE_MODULES = YES;
				CLANG_ENABLE_OBJC_ARC = YES;
				CLANG_ENABLE_OBJC_WEAK = YES;
				CLANG_WARN_BLOCK_CAPTURE_AUTORELEASING = YES;
				CLANG_WARN_BOOL_CONVERSION = YES;
				CLANG_WARN_COMMA = YES;
				CLANG_WARN_CONSTANT_CONVERSION = YES;
				CLANG_WARN_DEPRECATED_OBJC_IMPLEMENTATIONS = YES;
				CLANG_WARN_DIRECT_OBJC_ISA_USAGE = YES_ERROR;
				CLANG_WARN_DOCUMENTATION_COMMENTS = YES;
				CLANG_WARN_EMPTY_BODY = YES;
				CLANG_WARN_ENUM_CONVERSION = YES;
				CLANG_WARN_INFINITE_RECURSION = YES;
				CLANG_WARN_INT_CONVERSION = YES;
				CLANG_WARN_NON_LITERAL_NULL_CONVERSION = YES;
				CLANG_WARN_OBJC_IMPLICIT_RETAIN_SELF = YES;
				CLANG_WARN_OBJC_LITERAL_CONVERSION = YES;
				CLANG_WARN_OBJC_ROOT_CLASS = YES_ERROR;
				CLANG_WARN_RANGE_LOOP_ANALYSIS = YES;
				CLANG_WARN_STRICT_PROTOTYPES = YES;
				CLANG_WARN_SUSPICIOUS_MOVE = YES;
				CLANG_WARN_UNGUARDED_AVAILABILITY = YES_AGGRESSIVE;
				CLANG_WARN_UNREACHABLE_CODE = YES;
				CLANG_WARN__DUPLICATE_METHOD_MATCH = YES;
				COPY_PHASE_STRIP = NO;
				DEBUG_INFORMATION_FORMAT = dwarf;
				ENABLE_STRICT_OBJC_MSGSEND = YES;
				ENABLE_TESTABILITY = YES;
				GCC_C_LANGUAGE_STANDARD = gnu11;
				GCC_DYNAMIC_NO_PIC = NO;
				GCC_NO_COMMON_BLOCKS = YES;
				GCC_OPTIMIZATION_LEVEL = 0;
				GCC_PREPROCESSOR_DEFINITIONS = (
					"DEBUG=1",
					"$(inherited)",
				);
				GCC_WARN_64_TO_32_BIT_CONVERSION = YES;
				GCC_WARN_ABOUT_RETURN_TYPE = YES_ERROR;
				GCC_WARN_UNDECLARED_SELECTOR = YES;
				GCC_WARN_UNINITIALIZED_AUTOS = YES_AGGRESSIVE;
				GCC_WARN_UNUSED_FUNCTION = YES;
				GCC_WARN_UNUSED_VARIABLE = YES;
				IPHONEOS_DEPLOYMENT_TARGET = 13.4;
				MTL_ENABLE_DEBUG_INFO = INCLUDE_SOURCE;
				MTL_FAST_MATH = YES;
				ONLY_ACTIVE_ARCH = YES;
				SDKROOT = iphoneos;
				SWIFT_ACTIVE_COMPILATION_CONDITIONS = DEBUG;
				SWIFT_OPTIMIZATION_LEVEL = "-Onone";
			};
			name = Debug;
		};
		AC46322F2447593C00619284 /* Release */ = {
			isa = XCBuildConfiguration;
			buildSettings = {
				ALWAYS_SEARCH_USER_PATHS = NO;
				CLANG_ANALYZER_NONNULL = YES;
				CLANG_ANALYZER_NUMBER_OBJECT_CONVERSION = YES_AGGRESSIVE;
				CLANG_CXX_LANGUAGE_STANDARD = "gnu++14";
				CLANG_CXX_LIBRARY = "libc++";
				CLANG_ENABLE_MODULES = YES;
				CLANG_ENABLE_OBJC_ARC = YES;
				CLANG_ENABLE_OBJC_WEAK = YES;
				CLANG_WARN_BLOCK_CAPTURE_AUTORELEASING = YES;
				CLANG_WARN_BOOL_CONVERSION = YES;
				CLANG_WARN_COMMA = YES;
				CLANG_WARN_CONSTANT_CONVERSION = YES;
				CLANG_WARN_DEPRECATED_OBJC_IMPLEMENTATIONS = YES;
				CLANG_WARN_DIRECT_OBJC_ISA_USAGE = YES_ERROR;
				CLANG_WARN_DOCUMENTATION_COMMENTS = YES;
				CLANG_WARN_EMPTY_BODY = YES;
				CLANG_WARN_ENUM_CONVERSION = YES;
				CLANG_WARN_INFINITE_RECURSION = YES;
				CLANG_WARN_INT_CONVERSION = YES;
				CLANG_WARN_NON_LITERAL_NULL_CONVERSION = YES;
				CLANG_WARN_OBJC_IMPLICIT_RETAIN_SELF = YES;
				CLANG_WARN_OBJC_LITERAL_CONVERSION = YES;
				CLANG_WARN_OBJC_ROOT_CLASS = YES_ERROR;
				CLANG_WARN_RANGE_LOOP_ANALYSIS = YES;
				CLANG_WARN_STRICT_PROTOTYPES = YES;
				CLANG_WARN_SUSPICIOUS_MOVE = YES;
				CLANG_WARN_UNGUARDED_AVAILABILITY = YES_AGGRESSIVE;
				CLANG_WARN_UNREACHABLE_CODE = YES;
				CLANG_WARN__DUPLICATE_METHOD_MATCH = YES;
				COPY_PHASE_STRIP = NO;
				DEBUG_INFORMATION_FORMAT = "dwarf-with-dsym";
				ENABLE_NS_ASSERTIONS = NO;
				ENABLE_STRICT_OBJC_MSGSEND = YES;
				GCC_C_LANGUAGE_STANDARD = gnu11;
				GCC_NO_COMMON_BLOCKS = YES;
				GCC_WARN_64_TO_32_BIT_CONVERSION = YES;
				GCC_WARN_ABOUT_RETURN_TYPE = YES_ERROR;
				GCC_WARN_UNDECLARED_SELECTOR = YES;
				GCC_WARN_UNINITIALIZED_AUTOS = YES_AGGRESSIVE;
				GCC_WARN_UNUSED_FUNCTION = YES;
				GCC_WARN_UNUSED_VARIABLE = YES;
				IPHONEOS_DEPLOYMENT_TARGET = 13.4;
				MTL_ENABLE_DEBUG_INFO = NO;
				MTL_FAST_MATH = YES;
				SDKROOT = iphoneos;
				SWIFT_COMPILATION_MODE = wholemodule;
				SWIFT_OPTIMIZATION_LEVEL = "-O";
				VALIDATE_PRODUCT = YES;
			};
			name = Release;
		};
		AC4632312447593C00619284 /* Debug */ = {
			isa = XCBuildConfiguration;
			buildSettings = {
				ASSETCATALOG_COMPILER_APPICON_NAME = AppIcon;
				CODE_SIGN_ENTITLEMENTS = Workouts/Workouts.entitlements;
				CODE_SIGN_IDENTITY = "iPhone Developer";
				CODE_SIGN_STYLE = Manual;
				DEVELOPMENT_ASSET_PATHS = "\"Workouts/Preview Content\"";
				DEVELOPMENT_TEAM = UHCTQ8X679;
				ENABLE_PREVIEWS = YES;
				INFOPLIST_FILE = Workouts/Info.plist;
				IPHONEOS_DEPLOYMENT_TARGET = 13.0;
				LD_RUNPATH_SEARCH_PATHS = (
					"$(inherited)",
					"@executable_path/Frameworks",
				);
				PRODUCT_BUNDLE_IDENTIFIER = com.emilycheroske.workoutsapp;
				PRODUCT_NAME = "$(TARGET_NAME)";
				PROVISIONING_PROFILE_SPECIFIER = WorkoutsAppDevelopment;
				SWIFT_VERSION = 5.0;
				TARGETED_DEVICE_FAMILY = "1,2";
			};
			name = Debug;
		};
		AC4632322447593C00619284 /* Release */ = {
			isa = XCBuildConfiguration;
			buildSettings = {
				ASSETCATALOG_COMPILER_APPICON_NAME = AppIcon;
				CODE_SIGN_ENTITLEMENTS = Workouts/Workouts.entitlements;
				CODE_SIGN_IDENTITY = "iPhone Developer";
				CODE_SIGN_STYLE = Manual;
				DEVELOPMENT_ASSET_PATHS = "\"Workouts/Preview Content\"";
				DEVELOPMENT_TEAM = UHCTQ8X679;
				ENABLE_PREVIEWS = YES;
				INFOPLIST_FILE = Workouts/Info.plist;
				IPHONEOS_DEPLOYMENT_TARGET = 13.0;
				LD_RUNPATH_SEARCH_PATHS = (
					"$(inherited)",
					"@executable_path/Frameworks",
				);
				PRODUCT_BUNDLE_IDENTIFIER = com.emilycheroske.workoutsapp;
				PRODUCT_NAME = "$(TARGET_NAME)";
				PROVISIONING_PROFILE_SPECIFIER = WorkoutsAppDevelopment;
				SWIFT_VERSION = 5.0;
				TARGETED_DEVICE_FAMILY = "1,2";
			};
			name = Release;
		};
		AC4632342447593C00619284 /* Debug */ = {
			isa = XCBuildConfiguration;
			buildSettings = {
				ALWAYS_EMBED_SWIFT_STANDARD_LIBRARIES = YES;
				BUNDLE_LOADER = "$(TEST_HOST)";
				CODE_SIGN_STYLE = Automatic;
				INFOPLIST_FILE = WorkoutsTests/Info.plist;
				IPHONEOS_DEPLOYMENT_TARGET = 13.4;
				LD_RUNPATH_SEARCH_PATHS = (
					"$(inherited)",
					"@executable_path/Frameworks",
					"@loader_path/Frameworks",
				);
				PRODUCT_BUNDLE_IDENTIFIER = com.dawitelias.WorkoutsTests;
				PRODUCT_NAME = "$(TARGET_NAME)";
				SWIFT_VERSION = 5.0;
				TARGETED_DEVICE_FAMILY = "1,2";
				TEST_HOST = "$(BUILT_PRODUCTS_DIR)/Workouts.app/Workouts";
			};
			name = Debug;
		};
		AC4632352447593C00619284 /* Release */ = {
			isa = XCBuildConfiguration;
			buildSettings = {
				ALWAYS_EMBED_SWIFT_STANDARD_LIBRARIES = YES;
				BUNDLE_LOADER = "$(TEST_HOST)";
				CODE_SIGN_STYLE = Automatic;
				INFOPLIST_FILE = WorkoutsTests/Info.plist;
				IPHONEOS_DEPLOYMENT_TARGET = 13.4;
				LD_RUNPATH_SEARCH_PATHS = (
					"$(inherited)",
					"@executable_path/Frameworks",
					"@loader_path/Frameworks",
				);
				PRODUCT_BUNDLE_IDENTIFIER = com.dawitelias.WorkoutsTests;
				PRODUCT_NAME = "$(TARGET_NAME)";
				SWIFT_VERSION = 5.0;
				TARGETED_DEVICE_FAMILY = "1,2";
				TEST_HOST = "$(BUILT_PRODUCTS_DIR)/Workouts.app/Workouts";
			};
			name = Release;
		};
		AC4632372447593C00619284 /* Debug */ = {
			isa = XCBuildConfiguration;
			buildSettings = {
				ALWAYS_EMBED_SWIFT_STANDARD_LIBRARIES = YES;
				CODE_SIGN_STYLE = Automatic;
				INFOPLIST_FILE = WorkoutsUITests/Info.plist;
				LD_RUNPATH_SEARCH_PATHS = (
					"$(inherited)",
					"@executable_path/Frameworks",
					"@loader_path/Frameworks",
				);
				PRODUCT_BUNDLE_IDENTIFIER = com.dawitelias.WorkoutsUITests;
				PRODUCT_NAME = "$(TARGET_NAME)";
				SWIFT_VERSION = 5.0;
				TARGETED_DEVICE_FAMILY = "1,2";
				TEST_TARGET_NAME = Workouts;
			};
			name = Debug;
		};
		AC4632382447593C00619284 /* Release */ = {
			isa = XCBuildConfiguration;
			buildSettings = {
				ALWAYS_EMBED_SWIFT_STANDARD_LIBRARIES = YES;
				CODE_SIGN_STYLE = Automatic;
				INFOPLIST_FILE = WorkoutsUITests/Info.plist;
				LD_RUNPATH_SEARCH_PATHS = (
					"$(inherited)",
					"@executable_path/Frameworks",
					"@loader_path/Frameworks",
				);
				PRODUCT_BUNDLE_IDENTIFIER = com.dawitelias.WorkoutsUITests;
				PRODUCT_NAME = "$(TARGET_NAME)";
				SWIFT_VERSION = 5.0;
				TARGETED_DEVICE_FAMILY = "1,2";
				TEST_TARGET_NAME = Workouts;
			};
			name = Release;
		};
/* End XCBuildConfiguration section */

/* Begin XCConfigurationList section */
		AC4632012447593700619284 /* Build configuration list for PBXProject "Workouts" */ = {
			isa = XCConfigurationList;
			buildConfigurations = (
				AC46322E2447593C00619284 /* Debug */,
				AC46322F2447593C00619284 /* Release */,
			);
			defaultConfigurationIsVisible = 0;
			defaultConfigurationName = Release;
		};
		AC4632302447593C00619284 /* Build configuration list for PBXNativeTarget "Workouts" */ = {
			isa = XCConfigurationList;
			buildConfigurations = (
				AC4632312447593C00619284 /* Debug */,
				AC4632322447593C00619284 /* Release */,
			);
			defaultConfigurationIsVisible = 0;
			defaultConfigurationName = Release;
		};
		AC4632332447593C00619284 /* Build configuration list for PBXNativeTarget "WorkoutsTests" */ = {
			isa = XCConfigurationList;
			buildConfigurations = (
				AC4632342447593C00619284 /* Debug */,
				AC4632352447593C00619284 /* Release */,
			);
			defaultConfigurationIsVisible = 0;
			defaultConfigurationName = Release;
		};
		AC4632362447593C00619284 /* Build configuration list for PBXNativeTarget "WorkoutsUITests" */ = {
			isa = XCConfigurationList;
			buildConfigurations = (
				AC4632372447593C00619284 /* Debug */,
				AC4632382447593C00619284 /* Release */,
			);
			defaultConfigurationIsVisible = 0;
			defaultConfigurationName = Release;
		};
/* End XCConfigurationList section */
	};
	rootObject = AC4631FE2447593700619284 /* Project object */;
}
