// !$*UTF8*$!
{
	archiveVersion = 1;
	classes = {
	};
	objectVersion = 50;
	objects = {

/* Begin PBXBuildFile section */
		AC46320A2447593700619284 /* AppDelegate.swift in Sources */ = {isa = PBXBuildFile; fileRef = AC4632092447593700619284 /* AppDelegate.swift */; };
		AC46320C2447593700619284 /* SceneDelegate.swift in Sources */ = {isa = PBXBuildFile; fileRef = AC46320B2447593700619284 /* SceneDelegate.swift */; };
		AC46320E2447593700619284 /* ContentView.swift in Sources */ = {isa = PBXBuildFile; fileRef = AC46320D2447593700619284 /* ContentView.swift */; };
		AC4632102447593C00619284 /* Assets.xcassets in Resources */ = {isa = PBXBuildFile; fileRef = AC46320F2447593C00619284 /* Assets.xcassets */; };
		AC4632132447593C00619284 /* Preview Assets.xcassets in Resources */ = {isa = PBXBuildFile; fileRef = AC4632122447593C00619284 /* Preview Assets.xcassets */; };
		AC4632162447593C00619284 /* LaunchScreen.storyboard in Resources */ = {isa = PBXBuildFile; fileRef = AC4632142447593C00619284 /* LaunchScreen.storyboard */; };
		AC4632212447593C00619284 /* WorkoutsTests.swift in Sources */ = {isa = PBXBuildFile; fileRef = AC4632202447593C00619284 /* WorkoutsTests.swift */; };
		AC46322C2447593C00619284 /* WorkoutsUITests.swift in Sources */ = {isa = PBXBuildFile; fileRef = AC46322B2447593C00619284 /* WorkoutsUITests.swift */; };
		AC46323A2447712700619284 /* FilterView.swift in Sources */ = {isa = PBXBuildFile; fileRef = AC4632392447712700619284 /* FilterView.swift */; };
		AC46323E244781E800619284 /* HealthKit.framework in Frameworks */ = {isa = PBXBuildFile; fileRef = AC46323D244781E800619284 /* HealthKit.framework */; };
		AC4632402447863600619284 /* ProfileView.swift in Sources */ = {isa = PBXBuildFile; fileRef = AC46323F2447863600619284 /* ProfileView.swift */; };
		ACB7D44124478A3500D2B680 /* HomeKit.framework in Frameworks */ = {isa = PBXBuildFile; fileRef = ACB7D44024478A3500D2B680 /* HomeKit.framework */; };
		ACB7D44324478B7A00D2B680 /* HealthKitSetupAssistant.swift in Sources */ = {isa = PBXBuildFile; fileRef = ACB7D44224478B7A00D2B680 /* HealthKitSetupAssistant.swift */; };
/* End PBXBuildFile section */

/* Begin PBXContainerItemProxy section */
		AC46321D2447593C00619284 /* PBXContainerItemProxy */ = {
			isa = PBXContainerItemProxy;
			containerPortal = AC4631FE2447593700619284 /* Project object */;
			proxyType = 1;
			remoteGlobalIDString = AC4632052447593700619284;
			remoteInfo = Workouts;
		};
		AC4632282447593C00619284 /* PBXContainerItemProxy */ = {
			isa = PBXContainerItemProxy;
			containerPortal = AC4631FE2447593700619284 /* Project object */;
			proxyType = 1;
			remoteGlobalIDString = AC4632052447593700619284;
			remoteInfo = Workouts;
		};
/* End PBXContainerItemProxy section */

/* Begin PBXFileReference section */
		AC4632062447593700619284 /* Workouts.app */ = {isa = PBXFileReference; explicitFileType = wrapper.application; includeInIndex = 0; path = Workouts.app; sourceTree = BUILT_PRODUCTS_DIR; };
		AC4632092447593700619284 /* AppDelegate.swift */ = {isa = PBXFileReference; lastKnownFileType = sourcecode.swift; path = AppDelegate.swift; sourceTree = "<group>"; };
		AC46320B2447593700619284 /* SceneDelegate.swift */ = {isa = PBXFileReference; lastKnownFileType = sourcecode.swift; path = SceneDelegate.swift; sourceTree = "<group>"; };
		AC46320D2447593700619284 /* ContentView.swift */ = {isa = PBXFileReference; lastKnownFileType = sourcecode.swift; path = ContentView.swift; sourceTree = "<group>"; };
		AC46320F2447593C00619284 /* Assets.xcassets */ = {isa = PBXFileReference; lastKnownFileType = folder.assetcatalog; path = Assets.xcassets; sourceTree = "<group>"; };
		AC4632122447593C00619284 /* Preview Assets.xcassets */ = {isa = PBXFileReference; lastKnownFileType = folder.assetcatalog; path = "Preview Assets.xcassets"; sourceTree = "<group>"; };
		AC4632152447593C00619284 /* Base */ = {isa = PBXFileReference; lastKnownFileType = file.storyboard; name = Base; path = Base.lproj/LaunchScreen.storyboard; sourceTree = "<group>"; };
		AC4632172447593C00619284 /* Info.plist */ = {isa = PBXFileReference; lastKnownFileType = text.plist.xml; path = Info.plist; sourceTree = "<group>"; };
		AC46321C2447593C00619284 /* WorkoutsTests.xctest */ = {isa = PBXFileReference; explicitFileType = wrapper.cfbundle; includeInIndex = 0; path = WorkoutsTests.xctest; sourceTree = BUILT_PRODUCTS_DIR; };
		AC4632202447593C00619284 /* WorkoutsTests.swift */ = {isa = PBXFileReference; lastKnownFileType = sourcecode.swift; path = WorkoutsTests.swift; sourceTree = "<group>"; };
		AC4632222447593C00619284 /* Info.plist */ = {isa = PBXFileReference; lastKnownFileType = text.plist.xml; path = Info.plist; sourceTree = "<group>"; };
		AC4632272447593C00619284 /* WorkoutsUITests.xctest */ = {isa = PBXFileReference; explicitFileType = wrapper.cfbundle; includeInIndex = 0; path = WorkoutsUITests.xctest; sourceTree = BUILT_PRODUCTS_DIR; };
		AC46322B2447593C00619284 /* WorkoutsUITests.swift */ = {isa = PBXFileReference; lastKnownFileType = sourcecode.swift; path = WorkoutsUITests.swift; sourceTree = "<group>"; };
		AC46322D2447593C00619284 /* Info.plist */ = {isa = PBXFileReference; lastKnownFileType = text.plist.xml; path = Info.plist; sourceTree = "<group>"; };
		AC4632392447712700619284 /* FilterView.swift */ = {isa = PBXFileReference; lastKnownFileType = sourcecode.swift; path = FilterView.swift; sourceTree = "<group>"; };
		AC46323B244781E800619284 /* Workouts.entitlements */ = {isa = PBXFileReference; lastKnownFileType = text.plist.entitlements; path = Workouts.entitlements; sourceTree = "<group>"; };
		AC46323D244781E800619284 /* HealthKit.framework */ = {isa = PBXFileReference; lastKnownFileType = wrapper.framework; name = HealthKit.framework; path = System/Library/Frameworks/HealthKit.framework; sourceTree = SDKROOT; };
		AC46323F2447863600619284 /* ProfileView.swift */ = {isa = PBXFileReference; lastKnownFileType = sourcecode.swift; path = ProfileView.swift; sourceTree = "<group>"; };
		ACB7D44024478A3500D2B680 /* HomeKit.framework */ = {isa = PBXFileReference; lastKnownFileType = wrapper.framework; name = HomeKit.framework; path = System/Library/Frameworks/HomeKit.framework; sourceTree = SDKROOT; };
		ACB7D44224478B7A00D2B680 /* HealthKitSetupAssistant.swift */ = {isa = PBXFileReference; fileEncoding = 4; lastKnownFileType = sourcecode.swift; path = HealthKitSetupAssistant.swift; sourceTree = "<group>"; };
/* End PBXFileReference section */

/* Begin PBXFrameworksBuildPhase section */
		AC4632032447593700619284 /* Frameworks */ = {
			isa = PBXFrameworksBuildPhase;
			buildActionMask = 2147483647;
			files = (
				ACB7D44124478A3500D2B680 /* HomeKit.framework in Frameworks */,
				AC46323E244781E800619284 /* HealthKit.framework in Frameworks */,
			);
			runOnlyForDeploymentPostprocessing = 0;
		};
		AC4632192447593C00619284 /* Frameworks */ = {
			isa = PBXFrameworksBuildPhase;
			buildActionMask = 2147483647;
			files = (
			);
			runOnlyForDeploymentPostprocessing = 0;
		};
		AC4632242447593C00619284 /* Frameworks */ = {
			isa = PBXFrameworksBuildPhase;
			buildActionMask = 2147483647;
			files = (
			);
			runOnlyForDeploymentPostprocessing = 0;
		};
/* End PBXFrameworksBuildPhase section */

/* Begin PBXGroup section */
		AC4631FD2447593700619284 = {
			isa = PBXGroup;
			children = (
				AC4632082447593700619284 /* Workouts */,
				AC46321F2447593C00619284 /* WorkoutsTests */,
				AC46322A2447593C00619284 /* WorkoutsUITests */,
				AC4632072447593700619284 /* Products */,
				AC46323C244781E800619284 /* Frameworks */,
			);
			sourceTree = "<group>";
		};
		AC4632072447593700619284 /* Products */ = {
			isa = PBXGroup;
			children = (
				AC4632062447593700619284 /* Workouts.app */,
				AC46321C2447593C00619284 /* WorkoutsTests.xctest */,
				AC4632272447593C00619284 /* WorkoutsUITests.xctest */,
			);
			name = Products;
			sourceTree = "<group>";
		};
		AC4632082447593700619284 /* Workouts */ = {
			isa = PBXGroup;
			children = (
				ACB7D44224478B7A00D2B680 /* HealthKitSetupAssistant.swift */,
				AC4632392447712700619284 /* FilterView.swift */,
				AC46323B244781E800619284 /* Workouts.entitlements */,
				AC4632092447593700619284 /* AppDelegate.swift */,
				AC46320B2447593700619284 /* SceneDelegate.swift */,
				AC46320D2447593700619284 /* ContentView.swift */,
				AC46323F2447863600619284 /* ProfileView.swift */,
				AC46320F2447593C00619284 /* Assets.xcassets */,
				AC4632142447593C00619284 /* LaunchScreen.storyboard */,
				AC4632172447593C00619284 /* Info.plist */,
				AC4632112447593C00619284 /* Preview Content */,
			);
			path = Workouts;
			sourceTree = "<group>";
		};
		AC4632112447593C00619284 /* Preview Content */ = {
			isa = PBXGroup;
			children = (
				AC4632122447593C00619284 /* Preview Assets.xcassets */,
			);
			path = "Preview Content";
			sourceTree = "<group>";
		};
		AC46321F2447593C00619284 /* WorkoutsTests */ = {
			isa = PBXGroup;
			children = (
				AC4632202447593C00619284 /* WorkoutsTests.swift */,
				AC4632222447593C00619284 /* Info.plist */,
			);
			path = WorkoutsTests;
			sourceTree = "<group>";
		};
		AC46322A2447593C00619284 /* WorkoutsUITests */ = {
			isa = PBXGroup;
			children = (
				AC46322B2447593C00619284 /* WorkoutsUITests.swift */,
				AC46322D2447593C00619284 /* Info.plist */,
			);
			path = WorkoutsUITests;
			sourceTree = "<group>";
		};
		AC46323C244781E800619284 /* Frameworks */ = {
			isa = PBXGroup;
			children = (
				ACB7D44024478A3500D2B680 /* HomeKit.framework */,
				AC46323D244781E800619284 /* HealthKit.framework */,
			);
			name = Frameworks;
			sourceTree = "<group>";
		};
/* End PBXGroup section */

/* Begin PBXNativeTarget section */
		AC4632052447593700619284 /* Workouts */ = {
			isa = PBXNativeTarget;
			buildConfigurationList = AC4632302447593C00619284 /* Build configuration list for PBXNativeTarget "Workouts" */;
			buildPhases = (
				AC4632022447593700619284 /* Sources */,
				AC4632032447593700619284 /* Frameworks */,
				AC4632042447593700619284 /* Resources */,
			);
			buildRules = (
			);
			dependencies = (
			);
			name = Workouts;
			productName = Workouts;
			productReference = AC4632062447593700619284 /* Workouts.app */;
			productType = "com.apple.product-type.application";
		};
		AC46321B2447593C00619284 /* WorkoutsTests */ = {
			isa = PBXNativeTarget;
			buildConfigurationList = AC4632332447593C00619284 /* Build configuration list for PBXNativeTarget "WorkoutsTests" */;
			buildPhases = (
				AC4632182447593C00619284 /* Sources */,
				AC4632192447593C00619284 /* Frameworks */,
				AC46321A2447593C00619284 /* Resources */,
			);
			buildRules = (
			);
			dependencies = (
				AC46321E2447593C00619284 /* PBXTargetDependency */,
			);
			name = WorkoutsTests;
			productName = WorkoutsTests;
			productReference = AC46321C2447593C00619284 /* WorkoutsTests.xctest */;
			productType = "com.apple.product-type.bundle.unit-test";
		};
		AC4632262447593C00619284 /* WorkoutsUITests */ = {
			isa = PBXNativeTarget;
			buildConfigurationList = AC4632362447593C00619284 /* Build configuration list for PBXNativeTarget "WorkoutsUITests" */;
			buildPhases = (
				AC4632232447593C00619284 /* Sources */,
				AC4632242447593C00619284 /* Frameworks */,
				AC4632252447593C00619284 /* Resources */,
			);
			buildRules = (
			);
			dependencies = (
				AC4632292447593C00619284 /* PBXTargetDependency */,
			);
			name = WorkoutsUITests;
			productName = WorkoutsUITests;
			productReference = AC4632272447593C00619284 /* WorkoutsUITests.xctest */;
			productType = "com.apple.product-type.bundle.ui-testing";
		};
/* End PBXNativeTarget section */

/* Begin PBXProject section */
		AC4631FE2447593700619284 /* Project object */ = {
			isa = PBXProject;
			attributes = {
				LastSwiftUpdateCheck = 1140;
				LastUpgradeCheck = 1140;
				ORGANIZATIONNAME = "Dawit Elias";
				TargetAttributes = {
					AC4632052447593700619284 = {
						CreatedOnToolsVersion = 11.4;
					};
					AC46321B2447593C00619284 = {
						CreatedOnToolsVersion = 11.4;
						TestTargetID = AC4632052447593700619284;
					};
					AC4632262447593C00619284 = {
						CreatedOnToolsVersion = 11.4;
						TestTargetID = AC4632052447593700619284;
					};
				};
			};
			buildConfigurationList = AC4632012447593700619284 /* Build configuration list for PBXProject "Workouts" */;
			compatibilityVersion = "Xcode 9.3";
			developmentRegion = en;
			hasScannedForEncodings = 0;
			knownRegions = (
				en,
				Base,
			);
			mainGroup = AC4631FD2447593700619284;
			productRefGroup = AC4632072447593700619284 /* Products */;
			projectDirPath = "";
			projectRoot = "";
			targets = (
				AC4632052447593700619284 /* Workouts */,
				AC46321B2447593C00619284 /* WorkoutsTests */,
				AC4632262447593C00619284 /* WorkoutsUITests */,
			);
		};
/* End PBXProject section */

/* Begin PBXResourcesBuildPhase section */
		AC4632042447593700619284 /* Resources */ = {
			isa = PBXResourcesBuildPhase;
			buildActionMask = 2147483647;
			files = (
				AC4632162447593C00619284 /* LaunchScreen.storyboard in Resources */,
				AC4632132447593C00619284 /* Preview Assets.xcassets in Resources */,
				AC4632102447593C00619284 /* Assets.xcassets in Resources */,
			);
			runOnlyForDeploymentPostprocessing = 0;
		};
		AC46321A2447593C00619284 /* Resources */ = {
			isa = PBXResourcesBuildPhase;
			buildActionMask = 2147483647;
			files = (
			);
			runOnlyForDeploymentPostprocessing = 0;
		};
		AC4632252447593C00619284 /* Resources */ = {
			isa = PBXResourcesBuildPhase;
			buildActionMask = 2147483647;
			files = (
			);
			runOnlyForDeploymentPostprocessing = 0;
		};
/* End PBXResourcesBuildPhase section */

/* Begin PBXSourcesBuildPhase section */
		AC4632022447593700619284 /* Sources */ = {
			isa = PBXSourcesBuildPhase;
			buildActionMask = 2147483647;
			files = (
				AC46323A2447712700619284 /* FilterView.swift in Sources */,
				AC46320A2447593700619284 /* AppDelegate.swift in Sources */,
				AC4632402447863600619284 /* ProfileView.swift in Sources */,
				ACB7D44324478B7A00D2B680 /* HealthKitSetupAssistant.swift in Sources */,
				AC46320C2447593700619284 /* SceneDelegate.swift in Sources */,
				AC46320E2447593700619284 /* ContentView.swift in Sources */,
			);
			runOnlyForDeploymentPostprocessing = 0;
		};
		AC4632182447593C00619284 /* Sources */ = {
			isa = PBXSourcesBuildPhase;
			buildActionMask = 2147483647;
			files = (
				AC4632212447593C00619284 /* WorkoutsTests.swift in Sources */,
			);
			runOnlyForDeploymentPostprocessing = 0;
		};
		AC4632232447593C00619284 /* Sources */ = {
			isa = PBXSourcesBuildPhase;
			buildActionMask = 2147483647;
			files = (
				AC46322C2447593C00619284 /* WorkoutsUITests.swift in Sources */,
			);
			runOnlyForDeploymentPostprocessing = 0;
		};
/* End PBXSourcesBuildPhase section */

/* Begin PBXTargetDependency section */
		AC46321E2447593C00619284 /* PBXTargetDependency */ = {
			isa = PBXTargetDependency;
			target = AC4632052447593700619284 /* Workouts */;
			targetProxy = AC46321D2447593C00619284 /* PBXContainerItemProxy */;
		};
		AC4632292447593C00619284 /* PBXTargetDependency */ = {
			isa = PBXTargetDependency;
			target = AC4632052447593700619284 /* Workouts */;
			targetProxy = AC4632282447593C00619284 /* PBXContainerItemProxy */;
		};
/* End PBXTargetDependency section */

/* Begin PBXVariantGroup section */
		AC4632142447593C00619284 /* LaunchScreen.storyboard */ = {
			isa = PBXVariantGroup;
			children = (
				AC4632152447593C00619284 /* Base */,
			);
			name = LaunchScreen.storyboard;
			sourceTree = "<group>";
		};
/* End PBXVariantGroup section */

/* Begin XCBuildConfiguration section */
		AC46322E2447593C00619284 /* Debug */ = {
			isa = XCBuildConfiguration;
			buildSettings = {
				ALWAYS_SEARCH_USER_PATHS = NO;
				CLANG_ANALYZER_NONNULL = YES;
				CLANG_ANALYZER_NUMBER_OBJECT_CONVERSION = YES_AGGRESSIVE;
				CLANG_CXX_LANGUAGE_STANDARD = "gnu++14";
				CLANG_CXX_LIBRARY = "libc++";
				CLANG_ENABLE_MODULES = YES;
				CLANG_ENABLE_OBJC_ARC = YES;
				CLANG_ENABLE_OBJC_WEAK = YES;
				CLANG_WARN_BLOCK_CAPTURE_AUTORELEASING = YES;
				CLANG_WARN_BOOL_CONVERSION = YES;
				CLANG_WARN_COMMA = YES;
				CLANG_WARN_CONSTANT_CONVERSION = YES;
				CLANG_WARN_DEPRECATED_OBJC_IMPLEMENTATIONS = YES;
				CLANG_WARN_DIRECT_OBJC_ISA_USAGE = YES_ERROR;
				CLANG_WARN_DOCUMENTATION_COMMENTS = YES;
				CLANG_WARN_EMPTY_BODY = YES;
				CLANG_WARN_ENUM_CONVERSION = YES;
				CLANG_WARN_INFINITE_RECURSION = YES;
				CLANG_WARN_INT_CONVERSION = YES;
				CLANG_WARN_NON_LITERAL_NULL_CONVERSION = YES;
				CLANG_WARN_OBJC_IMPLICIT_RETAIN_SELF = YES;
				CLANG_WARN_OBJC_LITERAL_CONVERSION = YES;
				CLANG_WARN_OBJC_ROOT_CLASS = YES_ERROR;
				CLANG_WARN_RANGE_LOOP_ANALYSIS = YES;
				CLANG_WARN_STRICT_PROTOTYPES = YES;
				CLANG_WARN_SUSPICIOUS_MOVE = YES;
				CLANG_WARN_UNGUARDED_AVAILABILITY = YES_AGGRESSIVE;
				CLANG_WARN_UNREACHABLE_CODE = YES;
				CLANG_WARN__DUPLICATE_METHOD_MATCH = YES;
				COPY_PHASE_STRIP = NO;
				DEBUG_INFORMATION_FORMAT = dwarf;
				ENABLE_STRICT_OBJC_MSGSEND = YES;
				ENABLE_TESTABILITY = YES;
				GCC_C_LANGUAGE_STANDARD = gnu11;
				GCC_DYNAMIC_NO_PIC = NO;
				GCC_NO_COMMON_BLOCKS = YES;
				GCC_OPTIMIZATION_LEVEL = 0;
				GCC_PREPROCESSOR_DEFINITIONS = (
					"DEBUG=1",
					"$(inherited)",
				);
				GCC_WARN_64_TO_32_BIT_CONVERSION = YES;
				GCC_WARN_ABOUT_RETURN_TYPE = YES_ERROR;
				GCC_WARN_UNDECLARED_SELECTOR = YES;
				GCC_WARN_UNINITIALIZED_AUTOS = YES_AGGRESSIVE;
				GCC_WARN_UNUSED_FUNCTION = YES;
				GCC_WARN_UNUSED_VARIABLE = YES;
				IPHONEOS_DEPLOYMENT_TARGET = 13.4;
				MTL_ENABLE_DEBUG_INFO = INCLUDE_SOURCE;
				MTL_FAST_MATH = YES;
				ONLY_ACTIVE_ARCH = YES;
				SDKROOT = iphoneos;
				SWIFT_ACTIVE_COMPILATION_CONDITIONS = DEBUG;
				SWIFT_OPTIMIZATION_LEVEL = "-Onone";
			};
			name = Debug;
		};
		AC46322F2447593C00619284 /* Release */ = {
			isa = XCBuildConfiguration;
			buildSettings = {
				ALWAYS_SEARCH_USER_PATHS = NO;
				CLANG_ANALYZER_NONNULL = YES;
				CLANG_ANALYZER_NUMBER_OBJECT_CONVERSION = YES_AGGRESSIVE;
				CLANG_CXX_LANGUAGE_STANDARD = "gnu++14";
				CLANG_CXX_LIBRARY = "libc++";
				CLANG_ENABLE_MODULES = YES;
				CLANG_ENABLE_OBJC_ARC = YES;
				CLANG_ENABLE_OBJC_WEAK = YES;
				CLANG_WARN_BLOCK_CAPTURE_AUTORELEASING = YES;
				CLANG_WARN_BOOL_CONVERSION = YES;
				CLANG_WARN_COMMA = YES;
				CLANG_WARN_CONSTANT_CONVERSION = YES;
				CLANG_WARN_DEPRECATED_OBJC_IMPLEMENTATIONS = YES;
				CLANG_WARN_DIRECT_OBJC_ISA_USAGE = YES_ERROR;
				CLANG_WARN_DOCUMENTATION_COMMENTS = YES;
				CLANG_WARN_EMPTY_BODY = YES;
				CLANG_WARN_ENUM_CONVERSION = YES;
				CLANG_WARN_INFINITE_RECURSION = YES;
				CLANG_WARN_INT_CONVERSION = YES;
				CLANG_WARN_NON_LITERAL_NULL_CONVERSION = YES;
				CLANG_WARN_OBJC_IMPLICIT_RETAIN_SELF = YES;
				CLANG_WARN_OBJC_LITERAL_CONVERSION = YES;
				CLANG_WARN_OBJC_ROOT_CLASS = YES_ERROR;
				CLANG_WARN_RANGE_LOOP_ANALYSIS = YES;
				CLANG_WARN_STRICT_PROTOTYPES = YES;
				CLANG_WARN_SUSPICIOUS_MOVE = YES;
				CLANG_WARN_UNGUARDED_AVAILABILITY = YES_AGGRESSIVE;
				CLANG_WARN_UNREACHABLE_CODE = YES;
				CLANG_WARN__DUPLICATE_METHOD_MATCH = YES;
				COPY_PHASE_STRIP = NO;
				DEBUG_INFORMATION_FORMAT = "dwarf-with-dsym";
				ENABLE_NS_ASSERTIONS = NO;
				ENABLE_STRICT_OBJC_MSGSEND = YES;
				GCC_C_LANGUAGE_STANDARD = gnu11;
				GCC_NO_COMMON_BLOCKS = YES;
				GCC_WARN_64_TO_32_BIT_CONVERSION = YES;
				GCC_WARN_ABOUT_RETURN_TYPE = YES_ERROR;
				GCC_WARN_UNDECLARED_SELECTOR = YES;
				GCC_WARN_UNINITIALIZED_AUTOS = YES_AGGRESSIVE;
				GCC_WARN_UNUSED_FUNCTION = YES;
				GCC_WARN_UNUSED_VARIABLE = YES;
				IPHONEOS_DEPLOYMENT_TARGET = 13.4;
				MTL_ENABLE_DEBUG_INFO = NO;
				MTL_FAST_MATH = YES;
				SDKROOT = iphoneos;
				SWIFT_COMPILATION_MODE = wholemodule;
				SWIFT_OPTIMIZATION_LEVEL = "-O";
				VALIDATE_PRODUCT = YES;
			};
			name = Release;
		};
		AC4632312447593C00619284 /* Debug */ = {
			isa = XCBuildConfiguration;
			buildSettings = {
				ASSETCATALOG_COMPILER_APPICON_NAME = AppIcon;
				CODE_SIGN_ENTITLEMENTS = Workouts/Workouts.entitlements;
				CODE_SIGN_STYLE = Automatic;
				DEVELOPMENT_ASSET_PATHS = "\"Workouts/Preview Content\"";
				DEVELOPMENT_TEAM = DE63G2V7AY;
				ENABLE_PREVIEWS = YES;
				INFOPLIST_FILE = Workouts/Info.plist;
				LD_RUNPATH_SEARCH_PATHS = (
					"$(inherited)",
					"@executable_path/Frameworks",
				);
				PRODUCT_BUNDLE_IDENTIFIER = com.dawitelias.Workouts;
				PRODUCT_NAME = "$(TARGET_NAME)";
				SWIFT_VERSION = 5.0;
				TARGETED_DEVICE_FAMILY = "1,2";
			};
			name = Debug;
		};
		AC4632322447593C00619284 /* Release */ = {
			isa = XCBuildConfiguration;
			buildSettings = {
				ASSETCATALOG_COMPILER_APPICON_NAME = AppIcon;
				CODE_SIGN_ENTITLEMENTS = Workouts/Workouts.entitlements;
				CODE_SIGN_STYLE = Automatic;
				DEVELOPMENT_ASSET_PATHS = "\"Workouts/Preview Content\"";
				DEVELOPMENT_TEAM = DE63G2V7AY;
				ENABLE_PREVIEWS = YES;
				INFOPLIST_FILE = Workouts/Info.plist;
				LD_RUNPATH_SEARCH_PATHS = (
					"$(inherited)",
					"@executable_path/Frameworks",
				);
				PRODUCT_BUNDLE_IDENTIFIER = com.dawitelias.Workouts;
				PRODUCT_NAME = "$(TARGET_NAME)";
				SWIFT_VERSION = 5.0;
				TARGETED_DEVICE_FAMILY = "1,2";
			};
			name = Release;
		};
		AC4632342447593C00619284 /* Debug */ = {
			isa = XCBuildConfiguration;
			buildSettings = {
				ALWAYS_EMBED_SWIFT_STANDARD_LIBRARIES = YES;
				BUNDLE_LOADER = "$(TEST_HOST)";
				CODE_SIGN_STYLE = Automatic;
				INFOPLIST_FILE = WorkoutsTests/Info.plist;
				IPHONEOS_DEPLOYMENT_TARGET = 13.4;
				LD_RUNPATH_SEARCH_PATHS = (
					"$(inherited)",
					"@executable_path/Frameworks",
					"@loader_path/Frameworks",
				);
				PRODUCT_BUNDLE_IDENTIFIER = com.dawitelias.WorkoutsTests;
				PRODUCT_NAME = "$(TARGET_NAME)";
				SWIFT_VERSION = 5.0;
				TARGETED_DEVICE_FAMILY = "1,2";
				TEST_HOST = "$(BUILT_PRODUCTS_DIR)/Workouts.app/Workouts";
			};
			name = Debug;
		};
		AC4632352447593C00619284 /* Release */ = {
			isa = XCBuildConfiguration;
			buildSettings = {
				ALWAYS_EMBED_SWIFT_STANDARD_LIBRARIES = YES;
				BUNDLE_LOADER = "$(TEST_HOST)";
				CODE_SIGN_STYLE = Automatic;
				INFOPLIST_FILE = WorkoutsTests/Info.plist;
				IPHONEOS_DEPLOYMENT_TARGET = 13.4;
				LD_RUNPATH_SEARCH_PATHS = (
					"$(inherited)",
					"@executable_path/Frameworks",
					"@loader_path/Frameworks",
				);
				PRODUCT_BUNDLE_IDENTIFIER = com.dawitelias.WorkoutsTests;
				PRODUCT_NAME = "$(TARGET_NAME)";
				SWIFT_VERSION = 5.0;
				TARGETED_DEVICE_FAMILY = "1,2";
				TEST_HOST = "$(BUILT_PRODUCTS_DIR)/Workouts.app/Workouts";
			};
			name = Release;
		};
		AC4632372447593C00619284 /* Debug */ = {
			isa = XCBuildConfiguration;
			buildSettings = {
				ALWAYS_EMBED_SWIFT_STANDARD_LIBRARIES = YES;
				CODE_SIGN_STYLE = Automatic;
				INFOPLIST_FILE = WorkoutsUITests/Info.plist;
				LD_RUNPATH_SEARCH_PATHS = (
					"$(inherited)",
					"@executable_path/Frameworks",
					"@loader_path/Frameworks",
				);
				PRODUCT_BUNDLE_IDENTIFIER = com.dawitelias.WorkoutsUITests;
				PRODUCT_NAME = "$(TARGET_NAME)";
				SWIFT_VERSION = 5.0;
				TARGETED_DEVICE_FAMILY = "1,2";
				TEST_TARGET_NAME = Workouts;
			};
			name = Debug;
		};
		AC4632382447593C00619284 /* Release */ = {
			isa = XCBuildConfiguration;
			buildSettings = {
				ALWAYS_EMBED_SWIFT_STANDARD_LIBRARIES = YES;
				CODE_SIGN_STYLE = Automatic;
				INFOPLIST_FILE = WorkoutsUITests/Info.plist;
				LD_RUNPATH_SEARCH_PATHS = (
					"$(inherited)",
					"@executable_path/Frameworks",
					"@loader_path/Frameworks",
				);
				PRODUCT_BUNDLE_IDENTIFIER = com.dawitelias.WorkoutsUITests;
				PRODUCT_NAME = "$(TARGET_NAME)";
				SWIFT_VERSION = 5.0;
				TARGETED_DEVICE_FAMILY = "1,2";
				TEST_TARGET_NAME = Workouts;
			};
			name = Release;
		};
/* End XCBuildConfiguration section */

/* Begin XCConfigurationList section */
		AC4632012447593700619284 /* Build configuration list for PBXProject "Workouts" */ = {
			isa = XCConfigurationList;
			buildConfigurations = (
				AC46322E2447593C00619284 /* Debug */,
				AC46322F2447593C00619284 /* Release */,
			);
			defaultConfigurationIsVisible = 0;
			defaultConfigurationName = Release;
		};
		AC4632302447593C00619284 /* Build configuration list for PBXNativeTarget "Workouts" */ = {
			isa = XCConfigurationList;
			buildConfigurations = (
				AC4632312447593C00619284 /* Debug */,
				AC4632322447593C00619284 /* Release */,
			);
			defaultConfigurationIsVisible = 0;
			defaultConfigurationName = Release;
		};
		AC4632332447593C00619284 /* Build configuration list for PBXNativeTarget "WorkoutsTests" */ = {
			isa = XCConfigurationList;
			buildConfigurations = (
				AC4632342447593C00619284 /* Debug */,
				AC4632352447593C00619284 /* Release */,
			);
			defaultConfigurationIsVisible = 0;
			defaultConfigurationName = Release;
		};
		AC4632362447593C00619284 /* Build configuration list for PBXNativeTarget "WorkoutsUITests" */ = {
			isa = XCConfigurationList;
			buildConfigurations = (
				AC4632372447593C00619284 /* Debug */,
				AC4632382447593C00619284 /* Release */,
			);
			defaultConfigurationIsVisible = 0;
			defaultConfigurationName = Release;
		};
/* End XCConfigurationList section */
	};
	rootObject = AC4631FE2447593700619284 /* Project object */;
}
