{
  "object": {
    "pins": [
      {
        "package": "SwiftUICharts",
        "repositoryURL": "https://github.com/emilyCheroske/ChartView",
        "state": {
          "branch": "master",
          "revision": "c8042936388e6de888903399e9fa0ef7a081cf6e",
          "version": null
        }
      }
    ]
  },
  "version": 1
}
