// !$*UTF8*$!
{
	archiveVersion = 1;
	classes = {
	};
	objectVersion = 52;
	objects = {

/* Begin PBXBuildFile section */
		1D7E1C40B601A0B2B765ED78 /* Pods_WorkoutsTests.framework in Frameworks */ = {isa = PBXBuildFile; fileRef = C1B7B64F533B1CC7BDE59E1C /* Pods_WorkoutsTests.framework */; };
		4B73A6B52EF9B0C0AD711F96 /* Pods_Workouts.framework in Frameworks */ = {isa = PBXBuildFile; fileRef = EAEA94D5B7AEE35D513BA19F /* Pods_Workouts.framework */; };
		A500AD0125D236D500BCD21D /* DesignerDeveloperRow.swift in Sources */ = {isa = PBXBuildFile; fileRef = A500AD0025D236D500BCD21D /* DesignerDeveloperRow.swift */; };
		A500AD0625D238AC00BCD21D /* AppDevs.swift in Sources */ = {isa = PBXBuildFile; fileRef = A500AD0525D238AC00BCD21D /* AppDevs.swift */; };
		A50E464A2449E76000D1F435 /* FeaturedWorkout.swift in Sources */ = {isa = PBXBuildFile; fileRef = A50E46492449E76000D1F435 /* FeaturedWorkout.swift */; };
		A511476B258260C8006151DD /* CompleteSegmentHeader.swift in Sources */ = {isa = PBXBuildFile; fileRef = A511476A258260C8006151DD /* CompleteSegmentHeader.swift */; };
		A51147C32585B2D3006151DD /* UnitPreference.swift in Sources */ = {isa = PBXBuildFile; fileRef = A51147C22585B2D3006151DD /* UnitPreference.swift */; };
		A514CB2F24CDDA17007C6A90 /* HeartRateReading.swift in Sources */ = {isa = PBXBuildFile; fileRef = A514CB2E24CDDA17007C6A90 /* HeartRateReading.swift */; };
		A51514482460F1B800D4D643 /* Icon.swift in Sources */ = {isa = PBXBuildFile; fileRef = A51514472460F1B800D4D643 /* Icon.swift */; };
		A51D439525708B71001DD215 /* Licensing.swift in Sources */ = {isa = PBXBuildFile; fileRef = A51D439425708B71001DD215 /* Licensing.swift */; };
		A5221E6E24545F00005416BC /* FilterHome.swift in Sources */ = {isa = PBXBuildFile; fileRef = A5221E6D24545F00005416BC /* FilterHome.swift */; };
		A5221E70245462B4005416BC /* DateFilter.swift in Sources */ = {isa = PBXBuildFile; fileRef = A5221E6F245462B4005416BC /* DateFilter.swift */; };
		A5221E72245462DB005416BC /* DistanceFilter.swift in Sources */ = {isa = PBXBuildFile; fileRef = A5221E71245462DB005416BC /* DistanceFilter.swift */; };
		A5221E74245462ED005416BC /* DurationFilter.swift in Sources */ = {isa = PBXBuildFile; fileRef = A5221E73245462ED005416BC /* DurationFilter.swift */; };
		A5221E76245462FE005416BC /* CaloriesFilter.swift in Sources */ = {isa = PBXBuildFile; fileRef = A5221E75245462FE005416BC /* CaloriesFilter.swift */; };
		A52F3688247ABB00008DE35B /* AboutPageCard.swift in Sources */ = {isa = PBXBuildFile; fileRef = A52F3687247ABB00008DE35B /* AboutPageCard.swift */; };
		A52F368A247B0657008DE35B /* MailView.swift in Sources */ = {isa = PBXBuildFile; fileRef = A52F3689247B0657008DE35B /* MailView.swift */; };
		A52F932524493C4900DDB791 /* ChuckNorris.swift in Sources */ = {isa = PBXBuildFile; fileRef = A52F932424493C4900DDB791 /* ChuckNorris.swift */; };
		A52FBEF82447C84900016025 /* HealthKitAssistant.swift in Sources */ = {isa = PBXBuildFile; fileRef = A52FBEF72447C84900016025 /* HealthKitAssistant.swift */; };
		A52FBEFA2447C89300016025 /* WorkoutRow.swift in Sources */ = {isa = PBXBuildFile; fileRef = A52FBEF92447C89300016025 /* WorkoutRow.swift */; };
		A52FBF012447D6ED00016025 /* HKWorkout+Extensions.swift in Sources */ = {isa = PBXBuildFile; fileRef = A52FBF002447D6ED00016025 /* HKWorkout+Extensions.swift */; };
		A546226E2455223F003BA285 /* DailyWorkout.swift in Sources */ = {isa = PBXBuildFile; fileRef = A546226D2455223F003BA285 /* DailyWorkout.swift */; };
		A54622762459C7A4003BA285 /* DailySummary.swift in Sources */ = {isa = PBXBuildFile; fileRef = A54622752459C7A4003BA285 /* DailySummary.swift */; };
		A5516D8E2562158F00BDAB2D /* GroupedListModifier.swift in Sources */ = {isa = PBXBuildFile; fileRef = A5516D8D2562158F00BDAB2D /* GroupedListModifier.swift */; };
		A553D4C724B91E8400F02007 /* RouteCalculationsHelper.swift in Sources */ = {isa = PBXBuildFile; fileRef = A553D4C624B91E8400F02007 /* RouteCalculationsHelper.swift */; };
		A553D4C924B9607B00F02007 /* FileHelper.swift in Sources */ = {isa = PBXBuildFile; fileRef = A553D4C824B9607B00F02007 /* FileHelper.swift */; };
		A558979F2575ABDD004A064B /* SwiftUICharts in Frameworks */ = {isa = PBXBuildFile; productRef = A558979E2575ABDD004A064B /* SwiftUICharts */; };
		A558981C25794755004A064B /* Handle.swift in Sources */ = {isa = PBXBuildFile; fileRef = A558981B25794755004A064B /* Handle.swift */; };
		A558982125794782004A064B /* SlidingPanel.swift in Sources */ = {isa = PBXBuildFile; fileRef = A558982025794782004A064B /* SlidingPanel.swift */; };
		A55BCB842573279E0007E286 /* WorkoutDetailViewModel.swift in Sources */ = {isa = PBXBuildFile; fileRef = A55BCB832573279E0007E286 /* WorkoutDetailViewModel.swift */; };
		A55C84E52449EC3F00D81C44 /* Blur.swift in Sources */ = {isa = PBXBuildFile; fileRef = A55C84E42449EC3F00D81C44 /* Blur.swift */; };
		A567E6FD25CE3B4C00B21CC8 /* ChartDataFailLoad.swift in Sources */ = {isa = PBXBuildFile; fileRef = A567E6FC25CE3B4C00B21CC8 /* ChartDataFailLoad.swift */; };
		A56E159125D4DFA4003E08FD /* WorkoutDataHelper.swift in Sources */ = {isa = PBXBuildFile; fileRef = A56E159025D4DFA4003E08FD /* WorkoutDataHelper.swift */; };
		A5780C6424A1891A00D79927 /* MockDataHelper.swift in Sources */ = {isa = PBXBuildFile; fileRef = A5780C6324A1891A00D79927 /* MockDataHelper.swift */; };
		A582894D244F7B7C00B7B6B0 /* FilterPill.swift in Sources */ = {isa = PBXBuildFile; fileRef = A582894C244F7B7C00B7B6B0 /* FilterPill.swift */; };
		A5828953244FC15600B7B6B0 /* WorkoutsMultiSelect.swift in Sources */ = {isa = PBXBuildFile; fileRef = A5828952244FC15600B7B6B0 /* WorkoutsMultiSelect.swift */; };
		A5A4DC3624B258E300FA7580 /* EsriMapCard.swift in Sources */ = {isa = PBXBuildFile; fileRef = A5A4DC3524B258E300FA7580 /* EsriMapCard.swift */; };
		A5A4DC3824B29D2F00FA7580 /* PopupPanel.swift in Sources */ = {isa = PBXBuildFile; fileRef = A5A4DC3724B29D2F00FA7580 /* PopupPanel.swift */; };
		A5A7FCBB2479717B00247C24 /* UnitConversion.swift in Sources */ = {isa = PBXBuildFile; fileRef = A5A7FCBA2479717B00247C24 /* UnitConversion.swift */; };
		A5ACBABC257C6DCA00F8C836 /* SettingsView.swift in Sources */ = {isa = PBXBuildFile; fileRef = A5ACBABB257C6DCA00F8C836 /* SettingsView.swift */; };
		A5ACBAC1257C6DD900F8C836 /* UserSettings.swift in Sources */ = {isa = PBXBuildFile; fileRef = A5ACBAC0257C6DD900F8C836 /* UserSettings.swift */; };
		A5ACBADD257DBED000F8C836 /* Feedback.swift in Sources */ = {isa = PBXBuildFile; fileRef = A5ACBADC257DBED000F8C836 /* Feedback.swift */; };
		A5AF6083244AAAAD00AB7E72 /* ToggleableHeader.swift in Sources */ = {isa = PBXBuildFile; fileRef = A5AF6082244AAAAD00AB7E72 /* ToggleableHeader.swift */; };
		A5AF6085244BAA1200AB7E72 /* WorkoutData.swift in Sources */ = {isa = PBXBuildFile; fileRef = A5AF6084244BAA1200AB7E72 /* WorkoutData.swift */; };
		A5AF6087244BAA3900AB7E72 /* FilterTypes.swift in Sources */ = {isa = PBXBuildFile; fileRef = A5AF6086244BAA3900AB7E72 /* FilterTypes.swift */; };
		A5B3497924AFCAA200EDD653 /* Array+Extensions.swift in Sources */ = {isa = PBXBuildFile; fileRef = A5B3497824AFCAA200EDD653 /* Array+Extensions.swift */; };
		A5B6CEE32448913300CF2B86 /* Date+Extensions.swift in Sources */ = {isa = PBXBuildFile; fileRef = A5B6CEE22448913300CF2B86 /* Date+Extensions.swift */; };
		A5B6CEE52448AB2D00CF2B86 /* HKWorkoutActivityType+Extension.swift in Sources */ = {isa = PBXBuildFile; fileRef = A5B6CEE42448AB2D00CF2B86 /* HKWorkoutActivityType+Extension.swift */; };
		A5B6CEE92448D30800CF2B86 /* CircleImage.swift in Sources */ = {isa = PBXBuildFile; fileRef = A5B6CEE82448D30800CF2B86 /* CircleImage.swift */; };
		A5B6CEEB2448D91100CF2B86 /* ShareSheet.swift in Sources */ = {isa = PBXBuildFile; fileRef = A5B6CEEA2448D91100CF2B86 /* ShareSheet.swift */; };
		A5D8CC7A25B346BB00F35702 /* LandingPage.swift in Sources */ = {isa = PBXBuildFile; fileRef = A5D8CC7925B346BB00F35702 /* LandingPage.swift */; };
		A5D8CC8225B3496A00F35702 /* OnboardingPage.swift in Sources */ = {isa = PBXBuildFile; fileRef = A5D8CC8125B3496A00F35702 /* OnboardingPage.swift */; };
		A5D8CC9025B4FC8200F35702 /* BrandPage.swift in Sources */ = {isa = PBXBuildFile; fileRef = A5D8CC8F25B4FC8200F35702 /* BrandPage.swift */; };
		A5D8CC9D25B5065800F35702 /* LetsGo.swift in Sources */ = {isa = PBXBuildFile; fileRef = A5D8CC9C25B5065800F35702 /* LetsGo.swift */; };
		A5D8CCAA25B638D300F35702 /* FullScreenMapViewModel.swift in Sources */ = {isa = PBXBuildFile; fileRef = A5D8CCA925B638D300F35702 /* FullScreenMapViewModel.swift */; };
		A5D8CCB225B65E7C00F35702 /* PopupPanelListItem.swift in Sources */ = {isa = PBXBuildFile; fileRef = A5D8CCB125B65E7C00F35702 /* PopupPanelListItem.swift */; };
		A5D8CD042467751000DC54FA /* EsriMapView.swift in Sources */ = {isa = PBXBuildFile; fileRef = A5D8CD032467751000DC54FA /* EsriMapView.swift */; };
		A5D8CD0C2468621E00DC54FA /* WorkoutDetail.swift in Sources */ = {isa = PBXBuildFile; fileRef = A5D8CD0B2468621E00DC54FA /* WorkoutDetail.swift */; };
		A5D8CD0E2468806100DC54FA /* FullScreenMapView.swift in Sources */ = {isa = PBXBuildFile; fileRef = A5D8CD0D2468806100DC54FA /* FullScreenMapView.swift */; };
		A5DC18F524B41BF800E4EE8C /* CompleteSegmentPopup.swift in Sources */ = {isa = PBXBuildFile; fileRef = A5DC18F424B41BF800E4EE8C /* CompleteSegmentPopup.swift */; };
		A5E6B13325DA29DE009CB185 /* View+Extensions.swift in Sources */ = {isa = PBXBuildFile; fileRef = A5E6B13225DA29DE009CB185 /* View+Extensions.swift */; };
		A5E6B16125DB08D7009CB185 /* RootTabView.swift in Sources */ = {isa = PBXBuildFile; fileRef = A5E6B16025DB08D7009CB185 /* RootTabView.swift */; };
		A5E6B16625DB1136009CB185 /* DailySummaryViewModel.swift in Sources */ = {isa = PBXBuildFile; fileRef = A5E6B16525DB1136009CB185 /* DailySummaryViewModel.swift */; };
		A5F5A71F24871E110051C7BB /* ActivityTypeFilterPill.swift in Sources */ = {isa = PBXBuildFile; fileRef = A5F5A71E24871E110051C7BB /* ActivityTypeFilterPill.swift */; };
		AC46320A2447593700619284 /* AppDelegate.swift in Sources */ = {isa = PBXBuildFile; fileRef = AC4632092447593700619284 /* AppDelegate.swift */; };
		AC46320C2447593700619284 /* SceneDelegate.swift in Sources */ = {isa = PBXBuildFile; fileRef = AC46320B2447593700619284 /* SceneDelegate.swift */; };
		AC46320E2447593700619284 /* HomeView.swift in Sources */ = {isa = PBXBuildFile; fileRef = AC46320D2447593700619284 /* HomeView.swift */; };
		AC4632102447593C00619284 /* Assets.xcassets in Resources */ = {isa = PBXBuildFile; fileRef = AC46320F2447593C00619284 /* Assets.xcassets */; };
		AC4632132447593C00619284 /* Preview Assets.xcassets in Resources */ = {isa = PBXBuildFile; fileRef = AC4632122447593C00619284 /* Preview Assets.xcassets */; };
		AC4632162447593C00619284 /* LaunchScreen.storyboard in Resources */ = {isa = PBXBuildFile; fileRef = AC4632142447593C00619284 /* LaunchScreen.storyboard */; };
		AC4632212447593C00619284 /* WorkoutsTests.swift in Sources */ = {isa = PBXBuildFile; fileRef = AC4632202447593C00619284 /* WorkoutsTests.swift */; };
		AC46322C2447593C00619284 /* WorkoutsUITests.swift in Sources */ = {isa = PBXBuildFile; fileRef = AC46322B2447593C00619284 /* WorkoutsUITests.swift */; };
		AC46323E244781E800619284 /* HealthKit.framework in Frameworks */ = {isa = PBXBuildFile; fileRef = AC46323D244781E800619284 /* HealthKit.framework */; };
		E7A5B50727A3706ADF656A6C /* Pods_Workouts_WorkoutsUITests.framework in Frameworks */ = {isa = PBXBuildFile; fileRef = 3A7FEA342A4C62D403CB6FB3 /* Pods_Workouts_WorkoutsUITests.framework */; };
/* End PBXBuildFile section */

/* Begin PBXContainerItemProxy section */
		AC46321D2447593C00619284 /* PBXContainerItemProxy */ = {
			isa = PBXContainerItemProxy;
			containerPortal = AC4631FE2447593700619284 /* Project object */;
			proxyType = 1;
			remoteGlobalIDString = AC4632052447593700619284;
			remoteInfo = Workouts;
		};
		AC4632282447593C00619284 /* PBXContainerItemProxy */ = {
			isa = PBXContainerItemProxy;
			containerPortal = AC4631FE2447593700619284 /* Project object */;
			proxyType = 1;
			remoteGlobalIDString = AC4632052447593700619284;
			remoteInfo = Workouts;
		};
/* End PBXContainerItemProxy section */

/* Begin PBXFileReference section */
		255FA09A4C6BBA01BAEF242F /* Pods-WorkoutsTests.debug.xcconfig */ = {isa = PBXFileReference; includeInIndex = 1; lastKnownFileType = text.xcconfig; name = "Pods-WorkoutsTests.debug.xcconfig"; path = "Target Support Files/Pods-WorkoutsTests/Pods-WorkoutsTests.debug.xcconfig"; sourceTree = "<group>"; };
		38311890568573A70478422E /* Pods-Workouts-WorkoutsUITests.debug.xcconfig */ = {isa = PBXFileReference; includeInIndex = 1; lastKnownFileType = text.xcconfig; name = "Pods-Workouts-WorkoutsUITests.debug.xcconfig"; path = "Target Support Files/Pods-Workouts-WorkoutsUITests/Pods-Workouts-WorkoutsUITests.debug.xcconfig"; sourceTree = "<group>"; };
		3A7FEA342A4C62D403CB6FB3 /* Pods_Workouts_WorkoutsUITests.framework */ = {isa = PBXFileReference; explicitFileType = wrapper.framework; includeInIndex = 0; path = Pods_Workouts_WorkoutsUITests.framework; sourceTree = BUILT_PRODUCTS_DIR; };
		4493E0CFCFC4337FE79D361E /* Pods-WorkoutsTests.release.xcconfig */ = {isa = PBXFileReference; includeInIndex = 1; lastKnownFileType = text.xcconfig; name = "Pods-WorkoutsTests.release.xcconfig"; path = "Target Support Files/Pods-WorkoutsTests/Pods-WorkoutsTests.release.xcconfig"; sourceTree = "<group>"; };
		63D1E61F55B25C451A14415C /* Pods-Workouts-WorkoutsUITests.release.xcconfig */ = {isa = PBXFileReference; includeInIndex = 1; lastKnownFileType = text.xcconfig; name = "Pods-Workouts-WorkoutsUITests.release.xcconfig"; path = "Target Support Files/Pods-Workouts-WorkoutsUITests/Pods-Workouts-WorkoutsUITests.release.xcconfig"; sourceTree = "<group>"; };
		927E4AED7593DE413C0F14EA /* Pods-Workouts.debug.xcconfig */ = {isa = PBXFileReference; includeInIndex = 1; lastKnownFileType = text.xcconfig; name = "Pods-Workouts.debug.xcconfig"; path = "Target Support Files/Pods-Workouts/Pods-Workouts.debug.xcconfig"; sourceTree = "<group>"; };
		9B66A8E16238912FA086E27B /* Pods-Workouts.release.xcconfig */ = {isa = PBXFileReference; includeInIndex = 1; lastKnownFileType = text.xcconfig; name = "Pods-Workouts.release.xcconfig"; path = "Target Support Files/Pods-Workouts/Pods-Workouts.release.xcconfig"; sourceTree = "<group>"; };
		A500AD0025D236D500BCD21D /* DesignerDeveloperRow.swift */ = {isa = PBXFileReference; lastKnownFileType = sourcecode.swift; path = DesignerDeveloperRow.swift; sourceTree = "<group>"; };
		A500AD0525D238AC00BCD21D /* AppDevs.swift */ = {isa = PBXFileReference; lastKnownFileType = sourcecode.swift; path = AppDevs.swift; sourceTree = "<group>"; };
		A50E46492449E76000D1F435 /* FeaturedWorkout.swift */ = {isa = PBXFileReference; lastKnownFileType = sourcecode.swift; path = FeaturedWorkout.swift; sourceTree = "<group>"; };
		A511476A258260C8006151DD /* CompleteSegmentHeader.swift */ = {isa = PBXFileReference; lastKnownFileType = sourcecode.swift; path = CompleteSegmentHeader.swift; sourceTree = "<group>"; };
		A51147C22585B2D3006151DD /* UnitPreference.swift */ = {isa = PBXFileReference; lastKnownFileType = sourcecode.swift; path = UnitPreference.swift; sourceTree = "<group>"; };
		A514CB2E24CDDA17007C6A90 /* HeartRateReading.swift */ = {isa = PBXFileReference; lastKnownFileType = sourcecode.swift; path = HeartRateReading.swift; sourceTree = "<group>"; };
		A51514472460F1B800D4D643 /* Icon.swift */ = {isa = PBXFileReference; lastKnownFileType = sourcecode.swift; path = Icon.swift; sourceTree = "<group>"; };
		A51D439425708B71001DD215 /* Licensing.swift */ = {isa = PBXFileReference; lastKnownFileType = sourcecode.swift; path = Licensing.swift; sourceTree = "<group>"; };
		A5221E6D24545F00005416BC /* FilterHome.swift */ = {isa = PBXFileReference; lastKnownFileType = sourcecode.swift; path = FilterHome.swift; sourceTree = "<group>"; };
		A5221E6F245462B4005416BC /* DateFilter.swift */ = {isa = PBXFileReference; lastKnownFileType = sourcecode.swift; path = DateFilter.swift; sourceTree = "<group>"; };
		A5221E71245462DB005416BC /* DistanceFilter.swift */ = {isa = PBXFileReference; lastKnownFileType = sourcecode.swift; path = DistanceFilter.swift; sourceTree = "<group>"; };
		A5221E73245462ED005416BC /* DurationFilter.swift */ = {isa = PBXFileReference; lastKnownFileType = sourcecode.swift; path = DurationFilter.swift; sourceTree = "<group>"; };
		A5221E75245462FE005416BC /* CaloriesFilter.swift */ = {isa = PBXFileReference; lastKnownFileType = sourcecode.swift; path = CaloriesFilter.swift; sourceTree = "<group>"; };
		A52F3687247ABB00008DE35B /* AboutPageCard.swift */ = {isa = PBXFileReference; lastKnownFileType = sourcecode.swift; path = AboutPageCard.swift; sourceTree = "<group>"; };
		A52F3689247B0657008DE35B /* MailView.swift */ = {isa = PBXFileReference; lastKnownFileType = sourcecode.swift; path = MailView.swift; sourceTree = "<group>"; };
		A52F932424493C4900DDB791 /* ChuckNorris.swift */ = {isa = PBXFileReference; lastKnownFileType = sourcecode.swift; path = ChuckNorris.swift; sourceTree = "<group>"; };
		A52FBEF72447C84900016025 /* HealthKitAssistant.swift */ = {isa = PBXFileReference; lastKnownFileType = sourcecode.swift; path = HealthKitAssistant.swift; sourceTree = "<group>"; };
		A52FBEF92447C89300016025 /* WorkoutRow.swift */ = {isa = PBXFileReference; lastKnownFileType = sourcecode.swift; path = WorkoutRow.swift; sourceTree = "<group>"; };
		A52FBF002447D6ED00016025 /* HKWorkout+Extensions.swift */ = {isa = PBXFileReference; lastKnownFileType = sourcecode.swift; path = "HKWorkout+Extensions.swift"; sourceTree = "<group>"; };
		A546226D2455223F003BA285 /* DailyWorkout.swift */ = {isa = PBXFileReference; lastKnownFileType = sourcecode.swift; path = DailyWorkout.swift; sourceTree = "<group>"; };
		A54622752459C7A4003BA285 /* DailySummary.swift */ = {isa = PBXFileReference; lastKnownFileType = sourcecode.swift; path = DailySummary.swift; sourceTree = "<group>"; };
		A5516D8D2562158F00BDAB2D /* GroupedListModifier.swift */ = {isa = PBXFileReference; lastKnownFileType = sourcecode.swift; path = GroupedListModifier.swift; sourceTree = "<group>"; };
		A553D4C624B91E8400F02007 /* RouteCalculationsHelper.swift */ = {isa = PBXFileReference; lastKnownFileType = sourcecode.swift; path = RouteCalculationsHelper.swift; sourceTree = "<group>"; };
		A553D4C824B9607B00F02007 /* FileHelper.swift */ = {isa = PBXFileReference; lastKnownFileType = sourcecode.swift; path = FileHelper.swift; sourceTree = "<group>"; };
		A558981B25794755004A064B /* Handle.swift */ = {isa = PBXFileReference; lastKnownFileType = sourcecode.swift; path = Handle.swift; sourceTree = "<group>"; };
		A558982025794782004A064B /* SlidingPanel.swift */ = {isa = PBXFileReference; lastKnownFileType = sourcecode.swift; path = SlidingPanel.swift; sourceTree = "<group>"; };
		A55BCB832573279E0007E286 /* WorkoutDetailViewModel.swift */ = {isa = PBXFileReference; lastKnownFileType = sourcecode.swift; path = WorkoutDetailViewModel.swift; sourceTree = "<group>"; };
		A55C84E42449EC3F00D81C44 /* Blur.swift */ = {isa = PBXFileReference; lastKnownFileType = sourcecode.swift; path = Blur.swift; sourceTree = "<group>"; };
		A567E6FC25CE3B4C00B21CC8 /* ChartDataFailLoad.swift */ = {isa = PBXFileReference; lastKnownFileType = sourcecode.swift; path = ChartDataFailLoad.swift; sourceTree = "<group>"; };
		A56E159025D4DFA4003E08FD /* WorkoutDataHelper.swift */ = {isa = PBXFileReference; lastKnownFileType = sourcecode.swift; path = WorkoutDataHelper.swift; sourceTree = "<group>"; };
		A5780C6324A1891A00D79927 /* MockDataHelper.swift */ = {isa = PBXFileReference; lastKnownFileType = sourcecode.swift; path = MockDataHelper.swift; sourceTree = "<group>"; };
		A582894C244F7B7C00B7B6B0 /* FilterPill.swift */ = {isa = PBXFileReference; lastKnownFileType = sourcecode.swift; path = FilterPill.swift; sourceTree = "<group>"; };
		A5828952244FC15600B7B6B0 /* WorkoutsMultiSelect.swift */ = {isa = PBXFileReference; lastKnownFileType = sourcecode.swift; path = WorkoutsMultiSelect.swift; sourceTree = "<group>"; };
		A5A4DC3524B258E300FA7580 /* EsriMapCard.swift */ = {isa = PBXFileReference; lastKnownFileType = sourcecode.swift; path = EsriMapCard.swift; sourceTree = "<group>"; };
		A5A4DC3724B29D2F00FA7580 /* PopupPanel.swift */ = {isa = PBXFileReference; lastKnownFileType = sourcecode.swift; path = PopupPanel.swift; sourceTree = "<group>"; };
		A5A7FCBA2479717B00247C24 /* UnitConversion.swift */ = {isa = PBXFileReference; lastKnownFileType = sourcecode.swift; path = UnitConversion.swift; sourceTree = "<group>"; };
		A5ACBABB257C6DCA00F8C836 /* SettingsView.swift */ = {isa = PBXFileReference; lastKnownFileType = sourcecode.swift; path = SettingsView.swift; sourceTree = "<group>"; };
		A5ACBAC0257C6DD900F8C836 /* UserSettings.swift */ = {isa = PBXFileReference; lastKnownFileType = sourcecode.swift; path = UserSettings.swift; sourceTree = "<group>"; };
		A5ACBADC257DBED000F8C836 /* Feedback.swift */ = {isa = PBXFileReference; lastKnownFileType = sourcecode.swift; path = Feedback.swift; sourceTree = "<group>"; };
		A5AF6082244AAAAD00AB7E72 /* ToggleableHeader.swift */ = {isa = PBXFileReference; lastKnownFileType = sourcecode.swift; path = ToggleableHeader.swift; sourceTree = "<group>"; };
		A5AF6084244BAA1200AB7E72 /* WorkoutData.swift */ = {isa = PBXFileReference; lastKnownFileType = sourcecode.swift; path = WorkoutData.swift; sourceTree = "<group>"; };
		A5AF6086244BAA3900AB7E72 /* FilterTypes.swift */ = {isa = PBXFileReference; lastKnownFileType = sourcecode.swift; path = FilterTypes.swift; sourceTree = "<group>"; };
		A5B3497824AFCAA200EDD653 /* Array+Extensions.swift */ = {isa = PBXFileReference; lastKnownFileType = sourcecode.swift; path = "Array+Extensions.swift"; sourceTree = "<group>"; };
		A5B6CEE22448913300CF2B86 /* Date+Extensions.swift */ = {isa = PBXFileReference; lastKnownFileType = sourcecode.swift; path = "Date+Extensions.swift"; sourceTree = "<group>"; };
		A5B6CEE42448AB2D00CF2B86 /* HKWorkoutActivityType+Extension.swift */ = {isa = PBXFileReference; lastKnownFileType = sourcecode.swift; path = "HKWorkoutActivityType+Extension.swift"; sourceTree = "<group>"; };
		A5B6CEE82448D30800CF2B86 /* CircleImage.swift */ = {isa = PBXFileReference; lastKnownFileType = sourcecode.swift; path = CircleImage.swift; sourceTree = "<group>"; };
		A5B6CEEA2448D91100CF2B86 /* ShareSheet.swift */ = {isa = PBXFileReference; lastKnownFileType = sourcecode.swift; path = ShareSheet.swift; sourceTree = "<group>"; };
		A5D8CC7925B346BB00F35702 /* LandingPage.swift */ = {isa = PBXFileReference; lastKnownFileType = sourcecode.swift; path = LandingPage.swift; sourceTree = "<group>"; };
		A5D8CC8125B3496A00F35702 /* OnboardingPage.swift */ = {isa = PBXFileReference; lastKnownFileType = sourcecode.swift; path = OnboardingPage.swift; sourceTree = "<group>"; };
		A5D8CC8F25B4FC8200F35702 /* BrandPage.swift */ = {isa = PBXFileReference; lastKnownFileType = sourcecode.swift; path = BrandPage.swift; sourceTree = "<group>"; };
		A5D8CC9C25B5065800F35702 /* LetsGo.swift */ = {isa = PBXFileReference; lastKnownFileType = sourcecode.swift; path = LetsGo.swift; sourceTree = "<group>"; };
		A5D8CCA925B638D300F35702 /* FullScreenMapViewModel.swift */ = {isa = PBXFileReference; lastKnownFileType = sourcecode.swift; path = FullScreenMapViewModel.swift; sourceTree = "<group>"; };
		A5D8CCB125B65E7C00F35702 /* PopupPanelListItem.swift */ = {isa = PBXFileReference; lastKnownFileType = sourcecode.swift; path = PopupPanelListItem.swift; sourceTree = "<group>"; };
		A5D8CD032467751000DC54FA /* EsriMapView.swift */ = {isa = PBXFileReference; lastKnownFileType = sourcecode.swift; path = EsriMapView.swift; sourceTree = "<group>"; };
		A5D8CD0B2468621E00DC54FA /* WorkoutDetail.swift */ = {isa = PBXFileReference; lastKnownFileType = sourcecode.swift; path = WorkoutDetail.swift; sourceTree = "<group>"; };
		A5D8CD0D2468806100DC54FA /* FullScreenMapView.swift */ = {isa = PBXFileReference; lastKnownFileType = sourcecode.swift; path = FullScreenMapView.swift; sourceTree = "<group>"; };
		A5DC18F424B41BF800E4EE8C /* CompleteSegmentPopup.swift */ = {isa = PBXFileReference; lastKnownFileType = sourcecode.swift; path = CompleteSegmentPopup.swift; sourceTree = "<group>"; };
		A5E6B13225DA29DE009CB185 /* View+Extensions.swift */ = {isa = PBXFileReference; lastKnownFileType = sourcecode.swift; path = "View+Extensions.swift"; sourceTree = "<group>"; };
		A5E6B16025DB08D7009CB185 /* RootTabView.swift */ = {isa = PBXFileReference; lastKnownFileType = sourcecode.swift; path = RootTabView.swift; sourceTree = "<group>"; };
		A5E6B16525DB1136009CB185 /* DailySummaryViewModel.swift */ = {isa = PBXFileReference; lastKnownFileType = sourcecode.swift; path = DailySummaryViewModel.swift; sourceTree = "<group>"; };
		A5F5A71E24871E110051C7BB /* ActivityTypeFilterPill.swift */ = {isa = PBXFileReference; lastKnownFileType = sourcecode.swift; path = ActivityTypeFilterPill.swift; sourceTree = "<group>"; };
		AC4632062447593700619284 /* Okapi.app */ = {isa = PBXFileReference; explicitFileType = wrapper.application; includeInIndex = 0; path = Okapi.app; sourceTree = BUILT_PRODUCTS_DIR; };
		AC4632092447593700619284 /* AppDelegate.swift */ = {isa = PBXFileReference; lastKnownFileType = sourcecode.swift; path = AppDelegate.swift; sourceTree = "<group>"; };
		AC46320B2447593700619284 /* SceneDelegate.swift */ = {isa = PBXFileReference; lastKnownFileType = sourcecode.swift; path = SceneDelegate.swift; sourceTree = "<group>"; };
		AC46320D2447593700619284 /* HomeView.swift */ = {isa = PBXFileReference; lastKnownFileType = sourcecode.swift; path = HomeView.swift; sourceTree = "<group>"; };
		AC46320F2447593C00619284 /* Assets.xcassets */ = {isa = PBXFileReference; lastKnownFileType = folder.assetcatalog; path = Assets.xcassets; sourceTree = "<group>"; };
		AC4632122447593C00619284 /* Preview Assets.xcassets */ = {isa = PBXFileReference; lastKnownFileType = folder.assetcatalog; path = "Preview Assets.xcassets"; sourceTree = "<group>"; };
		AC4632152447593C00619284 /* Base */ = {isa = PBXFileReference; lastKnownFileType = file.storyboard; name = Base; path = Base.lproj/LaunchScreen.storyboard; sourceTree = "<group>"; };
		AC4632172447593C00619284 /* Info.plist */ = {isa = PBXFileReference; lastKnownFileType = text.plist.xml; path = Info.plist; sourceTree = "<group>"; };
		AC46321C2447593C00619284 /* OkapiTests.xctest */ = {isa = PBXFileReference; explicitFileType = wrapper.cfbundle; includeInIndex = 0; path = OkapiTests.xctest; sourceTree = BUILT_PRODUCTS_DIR; };
		AC4632202447593C00619284 /* WorkoutsTests.swift */ = {isa = PBXFileReference; lastKnownFileType = sourcecode.swift; path = WorkoutsTests.swift; sourceTree = "<group>"; };
		AC4632222447593C00619284 /* Info.plist */ = {isa = PBXFileReference; lastKnownFileType = text.plist.xml; path = Info.plist; sourceTree = "<group>"; };
		AC4632272447593C00619284 /* OkapiUITests.xctest */ = {isa = PBXFileReference; explicitFileType = wrapper.cfbundle; includeInIndex = 0; path = OkapiUITests.xctest; sourceTree = BUILT_PRODUCTS_DIR; };
		AC46322B2447593C00619284 /* WorkoutsUITests.swift */ = {isa = PBXFileReference; lastKnownFileType = sourcecode.swift; path = WorkoutsUITests.swift; sourceTree = "<group>"; };
		AC46322D2447593C00619284 /* Info.plist */ = {isa = PBXFileReference; lastKnownFileType = text.plist.xml; path = Info.plist; sourceTree = "<group>"; };
		AC46323B244781E800619284 /* Workouts.entitlements */ = {isa = PBXFileReference; lastKnownFileType = text.plist.entitlements; path = Workouts.entitlements; sourceTree = "<group>"; };
		AC46323D244781E800619284 /* HealthKit.framework */ = {isa = PBXFileReference; lastKnownFileType = wrapper.framework; name = HealthKit.framework; path = System/Library/Frameworks/HealthKit.framework; sourceTree = SDKROOT; };
		ACB7D44024478A3500D2B680 /* HomeKit.framework */ = {isa = PBXFileReference; lastKnownFileType = wrapper.framework; name = HomeKit.framework; path = System/Library/Frameworks/HomeKit.framework; sourceTree = SDKROOT; };
		C1B7B64F533B1CC7BDE59E1C /* Pods_WorkoutsTests.framework */ = {isa = PBXFileReference; explicitFileType = wrapper.framework; includeInIndex = 0; path = Pods_WorkoutsTests.framework; sourceTree = BUILT_PRODUCTS_DIR; };
		EAEA94D5B7AEE35D513BA19F /* Pods_Workouts.framework */ = {isa = PBXFileReference; explicitFileType = wrapper.framework; includeInIndex = 0; path = Pods_Workouts.framework; sourceTree = BUILT_PRODUCTS_DIR; };
/* End PBXFileReference section */

/* Begin PBXFrameworksBuildPhase section */
		AC4632032447593700619284 /* Frameworks */ = {
			isa = PBXFrameworksBuildPhase;
			buildActionMask = 2147483647;
			files = (
				A558979F2575ABDD004A064B /* SwiftUICharts in Frameworks */,
				AC46323E244781E800619284 /* HealthKit.framework in Frameworks */,
				4B73A6B52EF9B0C0AD711F96 /* Pods_Workouts.framework in Frameworks */,
			);
			runOnlyForDeploymentPostprocessing = 0;
		};
		AC4632192447593C00619284 /* Frameworks */ = {
			isa = PBXFrameworksBuildPhase;
			buildActionMask = 2147483647;
			files = (
				1D7E1C40B601A0B2B765ED78 /* Pods_WorkoutsTests.framework in Frameworks */,
			);
			runOnlyForDeploymentPostprocessing = 0;
		};
		AC4632242447593C00619284 /* Frameworks */ = {
			isa = PBXFrameworksBuildPhase;
			buildActionMask = 2147483647;
			files = (
				E7A5B50727A3706ADF656A6C /* Pods_Workouts_WorkoutsUITests.framework in Frameworks */,
			);
			runOnlyForDeploymentPostprocessing = 0;
		};
/* End PBXFrameworksBuildPhase section */

/* Begin PBXGroup section */
		39D63F6059F7DF64703DB5AD /* Pods */ = {
			isa = PBXGroup;
			children = (
				927E4AED7593DE413C0F14EA /* Pods-Workouts.debug.xcconfig */,
				9B66A8E16238912FA086E27B /* Pods-Workouts.release.xcconfig */,
				38311890568573A70478422E /* Pods-Workouts-WorkoutsUITests.debug.xcconfig */,
				63D1E61F55B25C451A14415C /* Pods-Workouts-WorkoutsUITests.release.xcconfig */,
				255FA09A4C6BBA01BAEF242F /* Pods-WorkoutsTests.debug.xcconfig */,
				4493E0CFCFC4337FE79D361E /* Pods-WorkoutsTests.release.xcconfig */,
			);
			path = Pods;
			sourceTree = "<group>";
		};
		A5199FCD2454870E002474AD /* HomeScreen */ = {
			isa = PBXGroup;
			children = (
				AC46320D2447593700619284 /* HomeView.swift */,
			);
			path = HomeScreen;
			sourceTree = "<group>";
		};
		A5199FCE24548717002474AD /* SharedComponents */ = {
			isa = PBXGroup;
			children = (
				A5516D8C2562157A00BDAB2D /* ViewModifiers */,
				A5A4DC3424B258B100FA7580 /* MapComponents */,
				A5F5A71E24871E110051C7BB /* ActivityTypeFilterPill.swift */,
				A52F3687247ABB00008DE35B /* AboutPageCard.swift */,
				A55C84E42449EC3F00D81C44 /* Blur.swift */,
				A5B6CEE82448D30800CF2B86 /* CircleImage.swift */,
				A546226D2455223F003BA285 /* DailyWorkout.swift */,
				A50E46492449E76000D1F435 /* FeaturedWorkout.swift */,
				A582894C244F7B7C00B7B6B0 /* FilterPill.swift */,
				A51514472460F1B800D4D643 /* Icon.swift */,
				A52F3689247B0657008DE35B /* MailView.swift */,
				A5B6CEEA2448D91100CF2B86 /* ShareSheet.swift */,
				A52FBEF92447C89300016025 /* WorkoutRow.swift */,
				A567E6FC25CE3B4C00B21CC8 /* ChartDataFailLoad.swift */,
			);
			path = SharedComponents;
			sourceTree = "<group>";
		};
		A5199FCF24548736002474AD /* WorkoutDetailScreen */ = {
			isa = PBXGroup;
			children = (
				A5D8CD0B2468621E00DC54FA /* WorkoutDetail.swift */,
				A55BCB832573279E0007E286 /* WorkoutDetailViewModel.swift */,
			);
			path = WorkoutDetailScreen;
			sourceTree = "<group>";
		};
		A5221E6C24545ED6005416BC /* FilterScreen */ = {
			isa = PBXGroup;
			children = (
				A5221E6D24545F00005416BC /* FilterHome.swift */,
				A5828952244FC15600B7B6B0 /* WorkoutsMultiSelect.swift */,
				A5221E6F245462B4005416BC /* DateFilter.swift */,
				A5221E71245462DB005416BC /* DistanceFilter.swift */,
				A5221E73245462ED005416BC /* DurationFilter.swift */,
				A5221E75245462FE005416BC /* CaloriesFilter.swift */,
				A5AF6082244AAAAD00AB7E72 /* ToggleableHeader.swift */,
			);
			path = FilterScreen;
			sourceTree = "<group>";
		};
		A52FBEF22447BF9E00016025 /* SupportingViews */ = {
			isa = PBXGroup;
			children = (
				A5E6B15F25DB08C3009CB185 /* RootTabView */,
				A5ACBABA257C6DB600F8C836 /* Settings */,
				A54A7E4124840B2500358DFB /* Onboarding */,
				A5D8CD0F2468807000DC54FA /* FullScreenMap */,
				A54622742459C77E003BA285 /* DailySummaryScreen */,
				A5199FCD2454870E002474AD /* HomeScreen */,
				A5221E6C24545ED6005416BC /* FilterScreen */,
				A5199FCF24548736002474AD /* WorkoutDetailScreen */,
				A5199FCE24548717002474AD /* SharedComponents */,
			);
			path = SupportingViews;
			sourceTree = "<group>";
		};
		A52FBEF32447C81000016025 /* Models */ = {
			isa = PBXGroup;
			children = (
				A5AF6084244BAA1200AB7E72 /* WorkoutData.swift */,
				A5AF6086244BAA3900AB7E72 /* FilterTypes.swift */,
				A514CB2E24CDDA17007C6A90 /* HeartRateReading.swift */,
				A5ACBAC0257C6DD900F8C836 /* UserSettings.swift */,
			);
			path = Models;
			sourceTree = "<group>";
		};
		A52FBEF62447C83B00016025 /* HelpersAndExtensions */ = {
			isa = PBXGroup;
			children = (
				A52FBF002447D6ED00016025 /* HKWorkout+Extensions.swift */,
				A52FBEF72447C84900016025 /* HealthKitAssistant.swift */,
				A5B6CEE22448913300CF2B86 /* Date+Extensions.swift */,
				A5B6CEE42448AB2D00CF2B86 /* HKWorkoutActivityType+Extension.swift */,
				A52F932424493C4900DDB791 /* ChuckNorris.swift */,
				A5A7FCBA2479717B00247C24 /* UnitConversion.swift */,
				A5780C6324A1891A00D79927 /* MockDataHelper.swift */,
				A5B3497824AFCAA200EDD653 /* Array+Extensions.swift */,
				A553D4C624B91E8400F02007 /* RouteCalculationsHelper.swift */,
				A553D4C824B9607B00F02007 /* FileHelper.swift */,
				A56E159025D4DFA4003E08FD /* WorkoutDataHelper.swift */,
				A5E6B13225DA29DE009CB185 /* View+Extensions.swift */,
			);
			path = HelpersAndExtensions;
			sourceTree = "<group>";
		};
		A54622742459C77E003BA285 /* DailySummaryScreen */ = {
			isa = PBXGroup;
			children = (
				A54622752459C7A4003BA285 /* DailySummary.swift */,
				A5E6B16525DB1136009CB185 /* DailySummaryViewModel.swift */,
			);
			path = DailySummaryScreen;
			sourceTree = "<group>";
		};
		A54A7E4124840B2500358DFB /* Onboarding */ = {
			isa = PBXGroup;
			children = (
				A5D8CC7925B346BB00F35702 /* LandingPage.swift */,
				A5D8CC8125B3496A00F35702 /* OnboardingPage.swift */,
				A5D8CC8F25B4FC8200F35702 /* BrandPage.swift */,
				A5D8CC9C25B5065800F35702 /* LetsGo.swift */,
			);
			path = Onboarding;
			sourceTree = "<group>";
		};
		A5516D8C2562157A00BDAB2D /* ViewModifiers */ = {
			isa = PBXGroup;
			children = (
				A5516D8D2562158F00BDAB2D /* GroupedListModifier.swift */,
			);
			path = ViewModifiers;
			sourceTree = "<group>";
		};
		A558981A25794744004A064B /* SlidingPanel */ = {
			isa = PBXGroup;
			children = (
				A558981B25794755004A064B /* Handle.swift */,
				A558982025794782004A064B /* SlidingPanel.swift */,
				A511476A258260C8006151DD /* CompleteSegmentHeader.swift */,
			);
			path = SlidingPanel;
			sourceTree = "<group>";
		};
		A5A4DC3424B258B100FA7580 /* MapComponents */ = {
			isa = PBXGroup;
			children = (
				A558981A25794744004A064B /* SlidingPanel */,
				A5D8CD032467751000DC54FA /* EsriMapView.swift */,
				A5A4DC3524B258E300FA7580 /* EsriMapCard.swift */,
				A5A4DC3724B29D2F00FA7580 /* PopupPanel.swift */,
				A5DC18F424B41BF800E4EE8C /* CompleteSegmentPopup.swift */,
				A5D8CCB125B65E7C00F35702 /* PopupPanelListItem.swift */,
			);
			path = MapComponents;
			sourceTree = "<group>";
		};
		A5ACBABA257C6DB600F8C836 /* Settings */ = {
			isa = PBXGroup;
			children = (
				A51D439425708B71001DD215 /* Licensing.swift */,
				A5ACBABB257C6DCA00F8C836 /* SettingsView.swift */,
				A5ACBADC257DBED000F8C836 /* Feedback.swift */,
				A51147C22585B2D3006151DD /* UnitPreference.swift */,
				A500AD0025D236D500BCD21D /* DesignerDeveloperRow.swift */,
				A500AD0525D238AC00BCD21D /* AppDevs.swift */,
			);
			path = Settings;
			sourceTree = "<group>";
		};
		A5D8CD0F2468807000DC54FA /* FullScreenMap */ = {
			isa = PBXGroup;
			children = (
				A5D8CD0D2468806100DC54FA /* FullScreenMapView.swift */,
				A5D8CCA925B638D300F35702 /* FullScreenMapViewModel.swift */,
			);
			path = FullScreenMap;
			sourceTree = "<group>";
		};
		A5E6B15F25DB08C3009CB185 /* RootTabView */ = {
			isa = PBXGroup;
			children = (
				A5E6B16025DB08D7009CB185 /* RootTabView.swift */,
			);
			path = RootTabView;
			sourceTree = "<group>";
		};
		AC4631FD2447593700619284 = {
			isa = PBXGroup;
			children = (
				AC4632082447593700619284 /* Workouts */,
				AC46321F2447593C00619284 /* WorkoutsTests */,
				AC46322A2447593C00619284 /* WorkoutsUITests */,
				AC4632072447593700619284 /* Products */,
				AC46323C244781E800619284 /* Frameworks */,
				39D63F6059F7DF64703DB5AD /* Pods */,
			);
			sourceTree = "<group>";
		};
		AC4632072447593700619284 /* Products */ = {
			isa = PBXGroup;
			children = (
				AC4632062447593700619284 /* Okapi.app */,
				AC46321C2447593C00619284 /* OkapiTests.xctest */,
				AC4632272447593C00619284 /* OkapiUITests.xctest */,
			);
			name = Products;
			sourceTree = "<group>";
		};
		AC4632082447593700619284 /* Workouts */ = {
			isa = PBXGroup;
			children = (
				A52FBEF62447C83B00016025 /* HelpersAndExtensions */,
				A52FBEF32447C81000016025 /* Models */,
				A52FBEF22447BF9E00016025 /* SupportingViews */,
				AC4632092447593700619284 /* AppDelegate.swift */,
				AC46320B2447593700619284 /* SceneDelegate.swift */,
				AC46320F2447593C00619284 /* Assets.xcassets */,
				AC46323B244781E800619284 /* Workouts.entitlements */,
				AC4632172447593C00619284 /* Info.plist */,
				AC4632142447593C00619284 /* LaunchScreen.storyboard */,
				AC4632112447593C00619284 /* Preview Content */,
			);
			path = Workouts;
			sourceTree = "<group>";
		};
		AC4632112447593C00619284 /* Preview Content */ = {
			isa = PBXGroup;
			children = (
				AC4632122447593C00619284 /* Preview Assets.xcassets */,
			);
			path = "Preview Content";
			sourceTree = "<group>";
		};
		AC46321F2447593C00619284 /* WorkoutsTests */ = {
			isa = PBXGroup;
			children = (
				AC4632202447593C00619284 /* WorkoutsTests.swift */,
				AC4632222447593C00619284 /* Info.plist */,
			);
			path = WorkoutsTests;
			sourceTree = "<group>";
		};
		AC46322A2447593C00619284 /* WorkoutsUITests */ = {
			isa = PBXGroup;
			children = (
				AC46322B2447593C00619284 /* WorkoutsUITests.swift */,
				AC46322D2447593C00619284 /* Info.plist */,
			);
			path = WorkoutsUITests;
			sourceTree = "<group>";
		};
		AC46323C244781E800619284 /* Frameworks */ = {
			isa = PBXGroup;
			children = (
				ACB7D44024478A3500D2B680 /* HomeKit.framework */,
				AC46323D244781E800619284 /* HealthKit.framework */,
				EAEA94D5B7AEE35D513BA19F /* Pods_Workouts.framework */,
				3A7FEA342A4C62D403CB6FB3 /* Pods_Workouts_WorkoutsUITests.framework */,
				C1B7B64F533B1CC7BDE59E1C /* Pods_WorkoutsTests.framework */,
			);
			name = Frameworks;
			sourceTree = "<group>";
		};
/* End PBXGroup section */

/* Begin PBXNativeTarget section */
		AC4632052447593700619284 /* Okapi */ = {
			isa = PBXNativeTarget;
			buildConfigurationList = AC4632302447593C00619284 /* Build configuration list for PBXNativeTarget "Okapi" */;
			buildPhases = (
				4D22497FAE1DA1C04DC173FC /* [CP] Check Pods Manifest.lock */,
				AC4632022447593700619284 /* Sources */,
				AC4632032447593700619284 /* Frameworks */,
				AC4632042447593700619284 /* Resources */,
				49D476F814BA60F288513632 /* [CP] Embed Pods Frameworks */,
			);
			buildRules = (
			);
			dependencies = (
			);
			name = Okapi;
			packageProductDependencies = (
				A558979E2575ABDD004A064B /* SwiftUICharts */,
			);
			productName = Workouts;
			productReference = AC4632062447593700619284 /* Okapi.app */;
			productType = "com.apple.product-type.application";
		};
		AC46321B2447593C00619284 /* OkapiTests */ = {
			isa = PBXNativeTarget;
			buildConfigurationList = AC4632332447593C00619284 /* Build configuration list for PBXNativeTarget "OkapiTests" */;
			buildPhases = (
				2FA36E8D86886D5BDC723B29 /* [CP] Check Pods Manifest.lock */,
				AC4632182447593C00619284 /* Sources */,
				AC4632192447593C00619284 /* Frameworks */,
				AC46321A2447593C00619284 /* Resources */,
			);
			buildRules = (
			);
			dependencies = (
				AC46321E2447593C00619284 /* PBXTargetDependency */,
			);
			name = OkapiTests;
			productName = WorkoutsTests;
			productReference = AC46321C2447593C00619284 /* OkapiTests.xctest */;
			productType = "com.apple.product-type.bundle.unit-test";
		};
		AC4632262447593C00619284 /* OkapiUITests */ = {
			isa = PBXNativeTarget;
			buildConfigurationList = AC4632362447593C00619284 /* Build configuration list for PBXNativeTarget "OkapiUITests" */;
			buildPhases = (
				0A7B578E9F8714F9207CDE9E /* [CP] Check Pods Manifest.lock */,
				AC4632232447593C00619284 /* Sources */,
				AC4632242447593C00619284 /* Frameworks */,
				AC4632252447593C00619284 /* Resources */,
				21CF2FC9FE0E449A5870EEDE /* [CP] Embed Pods Frameworks */,
			);
			buildRules = (
			);
			dependencies = (
				AC4632292447593C00619284 /* PBXTargetDependency */,
			);
			name = OkapiUITests;
			productName = WorkoutsUITests;
			productReference = AC4632272447593C00619284 /* OkapiUITests.xctest */;
			productType = "com.apple.product-type.bundle.ui-testing";
		};
/* End PBXNativeTarget section */

/* Begin PBXProject section */
		AC4631FE2447593700619284 /* Project object */ = {
			isa = PBXProject;
			attributes = {
				LastSwiftUpdateCheck = 1140;
				LastUpgradeCheck = 1220;
				ORGANIZATIONNAME = "Emily Cheroske";
				TargetAttributes = {
					AC4632052447593700619284 = {
						CreatedOnToolsVersion = 11.4;
					};
					AC46321B2447593C00619284 = {
						CreatedOnToolsVersion = 11.4;
						TestTargetID = AC4632052447593700619284;
					};
					AC4632262447593C00619284 = {
						CreatedOnToolsVersion = 11.4;
						TestTargetID = AC4632052447593700619284;
					};
				};
			};
			buildConfigurationList = AC4632012447593700619284 /* Build configuration list for PBXProject "Okapi" */;
			compatibilityVersion = "Xcode 9.3";
			developmentRegion = en;
			hasScannedForEncodings = 0;
			knownRegions = (
				en,
				Base,
			);
			mainGroup = AC4631FD2447593700619284;
			packageReferences = (
				A558979D2575ABDD004A064B /* XCRemoteSwiftPackageReference "ChartView" */,
			);
			productRefGroup = AC4632072447593700619284 /* Products */;
			projectDirPath = "";
			projectRoot = "";
			targets = (
				AC4632052447593700619284 /* Okapi */,
				AC46321B2447593C00619284 /* OkapiTests */,
				AC4632262447593C00619284 /* OkapiUITests */,
			);
		};
/* End PBXProject section */

/* Begin PBXResourcesBuildPhase section */
		AC4632042447593700619284 /* Resources */ = {
			isa = PBXResourcesBuildPhase;
			buildActionMask = 2147483647;
			files = (
				AC4632162447593C00619284 /* LaunchScreen.storyboard in Resources */,
				AC4632132447593C00619284 /* Preview Assets.xcassets in Resources */,
				AC4632102447593C00619284 /* Assets.xcassets in Resources */,
			);
			runOnlyForDeploymentPostprocessing = 0;
		};
		AC46321A2447593C00619284 /* Resources */ = {
			isa = PBXResourcesBuildPhase;
			buildActionMask = 2147483647;
			files = (
			);
			runOnlyForDeploymentPostprocessing = 0;
		};
		AC4632252447593C00619284 /* Resources */ = {
			isa = PBXResourcesBuildPhase;
			buildActionMask = 2147483647;
			files = (
			);
			runOnlyForDeploymentPostprocessing = 0;
		};
/* End PBXResourcesBuildPhase section */

/* Begin PBXShellScriptBuildPhase section */
		0A7B578E9F8714F9207CDE9E /* [CP] Check Pods Manifest.lock */ = {
			isa = PBXShellScriptBuildPhase;
			buildActionMask = 2147483647;
			files = (
			);
			inputFileListPaths = (
			);
			inputPaths = (
				"${PODS_PODFILE_DIR_PATH}/Podfile.lock",
				"${PODS_ROOT}/Manifest.lock",
			);
			name = "[CP] Check Pods Manifest.lock";
			outputFileListPaths = (
			);
			outputPaths = (
				"$(DERIVED_FILE_DIR)/Pods-Workouts-WorkoutsUITests-checkManifestLockResult.txt",
			);
			runOnlyForDeploymentPostprocessing = 0;
			shellPath = /bin/sh;
			shellScript = "diff \"${PODS_PODFILE_DIR_PATH}/Podfile.lock\" \"${PODS_ROOT}/Manifest.lock\" > /dev/null\nif [ $? != 0 ] ; then\n    # print error to STDERR\n    echo \"error: The sandbox is not in sync with the Podfile.lock. Run 'pod install' or update your CocoaPods installation.\" >&2\n    exit 1\nfi\n# This output is used by Xcode 'outputs' to avoid re-running this script phase.\necho \"SUCCESS\" > \"${SCRIPT_OUTPUT_FILE_0}\"\n";
			showEnvVarsInLog = 0;
		};
		21CF2FC9FE0E449A5870EEDE /* [CP] Embed Pods Frameworks */ = {
			isa = PBXShellScriptBuildPhase;
			buildActionMask = 2147483647;
			files = (
			);
			inputFileListPaths = (
				"${PODS_ROOT}/Target Support Files/Pods-Workouts-WorkoutsUITests/Pods-Workouts-WorkoutsUITests-frameworks-${CONFIGURATION}-input-files.xcfilelist",
			);
			name = "[CP] Embed Pods Frameworks";
			outputFileListPaths = (
				"${PODS_ROOT}/Target Support Files/Pods-Workouts-WorkoutsUITests/Pods-Workouts-WorkoutsUITests-frameworks-${CONFIGURATION}-output-files.xcfilelist",
			);
			runOnlyForDeploymentPostprocessing = 0;
			shellPath = /bin/sh;
			shellScript = "\"${PODS_ROOT}/Target Support Files/Pods-Workouts-WorkoutsUITests/Pods-Workouts-WorkoutsUITests-frameworks.sh\"\n";
			showEnvVarsInLog = 0;
		};
		2FA36E8D86886D5BDC723B29 /* [CP] Check Pods Manifest.lock */ = {
			isa = PBXShellScriptBuildPhase;
			buildActionMask = 2147483647;
			files = (
			);
			inputFileListPaths = (
			);
			inputPaths = (
				"${PODS_PODFILE_DIR_PATH}/Podfile.lock",
				"${PODS_ROOT}/Manifest.lock",
			);
			name = "[CP] Check Pods Manifest.lock";
			outputFileListPaths = (
			);
			outputPaths = (
				"$(DERIVED_FILE_DIR)/Pods-WorkoutsTests-checkManifestLockResult.txt",
			);
			runOnlyForDeploymentPostprocessing = 0;
			shellPath = /bin/sh;
			shellScript = "diff \"${PODS_PODFILE_DIR_PATH}/Podfile.lock\" \"${PODS_ROOT}/Manifest.lock\" > /dev/null\nif [ $? != 0 ] ; then\n    # print error to STDERR\n    echo \"error: The sandbox is not in sync with the Podfile.lock. Run 'pod install' or update your CocoaPods installation.\" >&2\n    exit 1\nfi\n# This output is used by Xcode 'outputs' to avoid re-running this script phase.\necho \"SUCCESS\" > \"${SCRIPT_OUTPUT_FILE_0}\"\n";
			showEnvVarsInLog = 0;
		};
		49D476F814BA60F288513632 /* [CP] Embed Pods Frameworks */ = {
			isa = PBXShellScriptBuildPhase;
			buildActionMask = 2147483647;
			files = (
			);
			inputFileListPaths = (
				"${PODS_ROOT}/Target Support Files/Pods-Workouts/Pods-Workouts-frameworks-${CONFIGURATION}-input-files.xcfilelist",
			);
			name = "[CP] Embed Pods Frameworks";
			outputFileListPaths = (
				"${PODS_ROOT}/Target Support Files/Pods-Workouts/Pods-Workouts-frameworks-${CONFIGURATION}-output-files.xcfilelist",
			);
			runOnlyForDeploymentPostprocessing = 0;
			shellPath = /bin/sh;
			shellScript = "\"${PODS_ROOT}/Target Support Files/Pods-Workouts/Pods-Workouts-frameworks.sh\"\n";
			showEnvVarsInLog = 0;
		};
		4D22497FAE1DA1C04DC173FC /* [CP] Check Pods Manifest.lock */ = {
			isa = PBXShellScriptBuildPhase;
			buildActionMask = 2147483647;
			files = (
			);
			inputFileListPaths = (
			);
			inputPaths = (
				"${PODS_PODFILE_DIR_PATH}/Podfile.lock",
				"${PODS_ROOT}/Manifest.lock",
			);
			name = "[CP] Check Pods Manifest.lock";
			outputFileListPaths = (
			);
			outputPaths = (
				"$(DERIVED_FILE_DIR)/Pods-Workouts-checkManifestLockResult.txt",
			);
			runOnlyForDeploymentPostprocessing = 0;
			shellPath = /bin/sh;
			shellScript = "diff \"${PODS_PODFILE_DIR_PATH}/Podfile.lock\" \"${PODS_ROOT}/Manifest.lock\" > /dev/null\nif [ $? != 0 ] ; then\n    # print error to STDERR\n    echo \"error: The sandbox is not in sync with the Podfile.lock. Run 'pod install' or update your CocoaPods installation.\" >&2\n    exit 1\nfi\n# This output is used by Xcode 'outputs' to avoid re-running this script phase.\necho \"SUCCESS\" > \"${SCRIPT_OUTPUT_FILE_0}\"\n";
			showEnvVarsInLog = 0;
		};
/* End PBXShellScriptBuildPhase section */

/* Begin PBXSourcesBuildPhase section */
		AC4632022447593700619284 /* Sources */ = {
			isa = PBXSourcesBuildPhase;
			buildActionMask = 2147483647;
			files = (
				A52FBEFA2447C89300016025 /* WorkoutRow.swift in Sources */,
				A5A7FCBB2479717B00247C24 /* UnitConversion.swift in Sources */,
				A5D8CC9025B4FC8200F35702 /* BrandPage.swift in Sources */,
				A5A4DC3824B29D2F00FA7580 /* PopupPanel.swift in Sources */,
				A5D8CD042467751000DC54FA /* EsriMapView.swift in Sources */,
				A51147C32585B2D3006151DD /* UnitPreference.swift in Sources */,
				A52F932524493C4900DDB791 /* ChuckNorris.swift in Sources */,
				A5ACBADD257DBED000F8C836 /* Feedback.swift in Sources */,
				A514CB2F24CDDA17007C6A90 /* HeartRateReading.swift in Sources */,
				A500AD0125D236D500BCD21D /* DesignerDeveloperRow.swift in Sources */,
				A5828953244FC15600B7B6B0 /* WorkoutsMultiSelect.swift in Sources */,
				A5221E72245462DB005416BC /* DistanceFilter.swift in Sources */,
				A5F5A71F24871E110051C7BB /* ActivityTypeFilterPill.swift in Sources */,
				A5ACBABC257C6DCA00F8C836 /* SettingsView.swift in Sources */,
				A5D8CC8225B3496A00F35702 /* OnboardingPage.swift in Sources */,
				A500AD0625D238AC00BCD21D /* AppDevs.swift in Sources */,
				A5B6CEE52448AB2D00CF2B86 /* HKWorkoutActivityType+Extension.swift in Sources */,
				A5A4DC3624B258E300FA7580 /* EsriMapCard.swift in Sources */,
				A51514482460F1B800D4D643 /* Icon.swift in Sources */,
				A5D8CCAA25B638D300F35702 /* FullScreenMapViewModel.swift in Sources */,
				A50E464A2449E76000D1F435 /* FeaturedWorkout.swift in Sources */,
				A5221E74245462ED005416BC /* DurationFilter.swift in Sources */,
				A558982125794782004A064B /* SlidingPanel.swift in Sources */,
				A5B6CEE32448913300CF2B86 /* Date+Extensions.swift in Sources */,
				A553D4C924B9607B00F02007 /* FileHelper.swift in Sources */,
				AC46320A2447593700619284 /* AppDelegate.swift in Sources */,
				A55BCB842573279E0007E286 /* WorkoutDetailViewModel.swift in Sources */,
				A5AF6083244AAAAD00AB7E72 /* ToggleableHeader.swift in Sources */,
				A5AF6087244BAA3900AB7E72 /* FilterTypes.swift in Sources */,
				A55C84E52449EC3F00D81C44 /* Blur.swift in Sources */,
				A5516D8E2562158F00BDAB2D /* GroupedListModifier.swift in Sources */,
				A582894D244F7B7C00B7B6B0 /* FilterPill.swift in Sources */,
				A5E6B13325DA29DE009CB185 /* View+Extensions.swift in Sources */,
				A56E159125D4DFA4003E08FD /* WorkoutDataHelper.swift in Sources */,
				A5D8CD0E2468806100DC54FA /* FullScreenMapView.swift in Sources */,
				A5E6B16625DB1136009CB185 /* DailySummaryViewModel.swift in Sources */,
				A511476B258260C8006151DD /* CompleteSegmentHeader.swift in Sources */,
				A5B3497924AFCAA200EDD653 /* Array+Extensions.swift in Sources */,
				A5D8CC7A25B346BB00F35702 /* LandingPage.swift in Sources */,
				A5D8CD0C2468621E00DC54FA /* WorkoutDetail.swift in Sources */,
				A5780C6424A1891A00D79927 /* MockDataHelper.swift in Sources */,
				A52F368A247B0657008DE35B /* MailView.swift in Sources */,
				A5221E76245462FE005416BC /* CaloriesFilter.swift in Sources */,
				A5AF6085244BAA1200AB7E72 /* WorkoutData.swift in Sources */,
				A567E6FD25CE3B4C00B21CC8 /* ChartDataFailLoad.swift in Sources */,
				A5DC18F524B41BF800E4EE8C /* CompleteSegmentPopup.swift in Sources */,
				A52FBF012447D6ED00016025 /* HKWorkout+Extensions.swift in Sources */,
				A5D8CC9D25B5065800F35702 /* LetsGo.swift in Sources */,
				A546226E2455223F003BA285 /* DailyWorkout.swift in Sources */,
				A51D439525708B71001DD215 /* Licensing.swift in Sources */,
				A5E6B16125DB08D7009CB185 /* RootTabView.swift in Sources */,
				A5B6CEEB2448D91100CF2B86 /* ShareSheet.swift in Sources */,
				A558981C25794755004A064B /* Handle.swift in Sources */,
				A5221E6E24545F00005416BC /* FilterHome.swift in Sources */,
				A553D4C724B91E8400F02007 /* RouteCalculationsHelper.swift in Sources */,
				AC46320C2447593700619284 /* SceneDelegate.swift in Sources */,
				A5D8CCB225B65E7C00F35702 /* PopupPanelListItem.swift in Sources */,
				A5221E70245462B4005416BC /* DateFilter.swift in Sources */,
				A52F3688247ABB00008DE35B /* AboutPageCard.swift in Sources */,
				A54622762459C7A4003BA285 /* DailySummary.swift in Sources */,
				A52FBEF82447C84900016025 /* HealthKitAssistant.swift in Sources */,
				AC46320E2447593700619284 /* HomeView.swift in Sources */,
				A5B6CEE92448D30800CF2B86 /* CircleImage.swift in Sources */,
				A5ACBAC1257C6DD900F8C836 /* UserSettings.swift in Sources */,
			);
			runOnlyForDeploymentPostprocessing = 0;
		};
		AC4632182447593C00619284 /* Sources */ = {
			isa = PBXSourcesBuildPhase;
			buildActionMask = 2147483647;
			files = (
				AC4632212447593C00619284 /* WorkoutsTests.swift in Sources */,
			);
			runOnlyForDeploymentPostprocessing = 0;
		};
		AC4632232447593C00619284 /* Sources */ = {
			isa = PBXSourcesBuildPhase;
			buildActionMask = 2147483647;
			files = (
				AC46322C2447593C00619284 /* WorkoutsUITests.swift in Sources */,
			);
			runOnlyForDeploymentPostprocessing = 0;
		};
/* End PBXSourcesBuildPhase section */

/* Begin PBXTargetDependency section */
		AC46321E2447593C00619284 /* PBXTargetDependency */ = {
			isa = PBXTargetDependency;
			target = AC4632052447593700619284 /* Okapi */;
			targetProxy = AC46321D2447593C00619284 /* PBXContainerItemProxy */;
		};
		AC4632292447593C00619284 /* PBXTargetDependency */ = {
			isa = PBXTargetDependency;
			target = AC4632052447593700619284 /* Okapi */;
			targetProxy = AC4632282447593C00619284 /* PBXContainerItemProxy */;
		};
/* End PBXTargetDependency section */

/* Begin PBXVariantGroup section */
		AC4632142447593C00619284 /* LaunchScreen.storyboard */ = {
			isa = PBXVariantGroup;
			children = (
				AC4632152447593C00619284 /* Base */,
			);
			name = LaunchScreen.storyboard;
			sourceTree = "<group>";
		};
/* End PBXVariantGroup section */

/* Begin XCBuildConfiguration section */
		AC46322E2447593C00619284 /* Debug */ = {
			isa = XCBuildConfiguration;
			buildSettings = {
				ALWAYS_SEARCH_USER_PATHS = NO;
				CLANG_ANALYZER_NONNULL = YES;
				CLANG_ANALYZER_NUMBER_OBJECT_CONVERSION = YES_AGGRESSIVE;
				CLANG_CXX_LANGUAGE_STANDARD = "gnu++14";
				CLANG_CXX_LIBRARY = "libc++";
				CLANG_ENABLE_MODULES = YES;
				CLANG_ENABLE_OBJC_ARC = YES;
				CLANG_ENABLE_OBJC_WEAK = YES;
				CLANG_WARN_BLOCK_CAPTURE_AUTORELEASING = YES;
				CLANG_WARN_BOOL_CONVERSION = YES;
				CLANG_WARN_COMMA = YES;
				CLANG_WARN_CONSTANT_CONVERSION = YES;
				CLANG_WARN_DEPRECATED_OBJC_IMPLEMENTATIONS = YES;
				CLANG_WARN_DIRECT_OBJC_ISA_USAGE = YES_ERROR;
				CLANG_WARN_DOCUMENTATION_COMMENTS = YES;
				CLANG_WARN_EMPTY_BODY = YES;
				CLANG_WARN_ENUM_CONVERSION = YES;
				CLANG_WARN_INFINITE_RECURSION = YES;
				CLANG_WARN_INT_CONVERSION = YES;
				CLANG_WARN_NON_LITERAL_NULL_CONVERSION = YES;
				CLANG_WARN_OBJC_IMPLICIT_RETAIN_SELF = YES;
				CLANG_WARN_OBJC_LITERAL_CONVERSION = YES;
				CLANG_WARN_OBJC_ROOT_CLASS = YES_ERROR;
				CLANG_WARN_QUOTED_INCLUDE_IN_FRAMEWORK_HEADER = YES;
				CLANG_WARN_RANGE_LOOP_ANALYSIS = YES;
				CLANG_WARN_STRICT_PROTOTYPES = YES;
				CLANG_WARN_SUSPICIOUS_MOVE = YES;
				CLANG_WARN_UNGUARDED_AVAILABILITY = YES_AGGRESSIVE;
				CLANG_WARN_UNREACHABLE_CODE = YES;
				CLANG_WARN__DUPLICATE_METHOD_MATCH = YES;
				COPY_PHASE_STRIP = NO;
				DEBUG_INFORMATION_FORMAT = dwarf;
				ENABLE_STRICT_OBJC_MSGSEND = YES;
				ENABLE_TESTABILITY = YES;
				GCC_C_LANGUAGE_STANDARD = gnu11;
				GCC_DYNAMIC_NO_PIC = NO;
				GCC_NO_COMMON_BLOCKS = YES;
				GCC_OPTIMIZATION_LEVEL = 0;
				GCC_PREPROCESSOR_DEFINITIONS = (
					"DEBUG=1",
					"$(inherited)",
				);
				GCC_WARN_64_TO_32_BIT_CONVERSION = YES;
				GCC_WARN_ABOUT_RETURN_TYPE = YES_ERROR;
				GCC_WARN_UNDECLARED_SELECTOR = YES;
				GCC_WARN_UNINITIALIZED_AUTOS = YES_AGGRESSIVE;
				GCC_WARN_UNUSED_FUNCTION = YES;
				GCC_WARN_UNUSED_VARIABLE = YES;
				IPHONEOS_DEPLOYMENT_TARGET = 13.4;
				MTL_ENABLE_DEBUG_INFO = INCLUDE_SOURCE;
				MTL_FAST_MATH = YES;
				ONLY_ACTIVE_ARCH = YES;
				SDKROOT = iphoneos;
				SWIFT_ACTIVE_COMPILATION_CONDITIONS = DEBUG;
				SWIFT_OPTIMIZATION_LEVEL = "-Onone";
			};
			name = Debug;
		};
		AC46322F2447593C00619284 /* Release */ = {
			isa = XCBuildConfiguration;
			buildSettings = {
				ALWAYS_SEARCH_USER_PATHS = NO;
				CLANG_ANALYZER_NONNULL = YES;
				CLANG_ANALYZER_NUMBER_OBJECT_CONVERSION = YES_AGGRESSIVE;
				CLANG_CXX_LANGUAGE_STANDARD = "gnu++14";
				CLANG_CXX_LIBRARY = "libc++";
				CLANG_ENABLE_MODULES = YES;
				CLANG_ENABLE_OBJC_ARC = YES;
				CLANG_ENABLE_OBJC_WEAK = YES;
				CLANG_WARN_BLOCK_CAPTURE_AUTORELEASING = YES;
				CLANG_WARN_BOOL_CONVERSION = YES;
				CLANG_WARN_COMMA = YES;
				CLANG_WARN_CONSTANT_CONVERSION = YES;
				CLANG_WARN_DEPRECATED_OBJC_IMPLEMENTATIONS = YES;
				CLANG_WARN_DIRECT_OBJC_ISA_USAGE = YES_ERROR;
				CLANG_WARN_DOCUMENTATION_COMMENTS = YES;
				CLANG_WARN_EMPTY_BODY = YES;
				CLANG_WARN_ENUM_CONVERSION = YES;
				CLANG_WARN_INFINITE_RECURSION = YES;
				CLANG_WARN_INT_CONVERSION = YES;
				CLANG_WARN_NON_LITERAL_NULL_CONVERSION = YES;
				CLANG_WARN_OBJC_IMPLICIT_RETAIN_SELF = YES;
				CLANG_WARN_OBJC_LITERAL_CONVERSION = YES;
				CLANG_WARN_OBJC_ROOT_CLASS = YES_ERROR;
				CLANG_WARN_QUOTED_INCLUDE_IN_FRAMEWORK_HEADER = YES;
				CLANG_WARN_RANGE_LOOP_ANALYSIS = YES;
				CLANG_WARN_STRICT_PROTOTYPES = YES;
				CLANG_WARN_SUSPICIOUS_MOVE = YES;
				CLANG_WARN_UNGUARDED_AVAILABILITY = YES_AGGRESSIVE;
				CLANG_WARN_UNREACHABLE_CODE = YES;
				CLANG_WARN__DUPLICATE_METHOD_MATCH = YES;
				COPY_PHASE_STRIP = NO;
				DEBUG_INFORMATION_FORMAT = "dwarf-with-dsym";
				ENABLE_NS_ASSERTIONS = NO;
				ENABLE_STRICT_OBJC_MSGSEND = YES;
				GCC_C_LANGUAGE_STANDARD = gnu11;
				GCC_NO_COMMON_BLOCKS = YES;
				GCC_WARN_64_TO_32_BIT_CONVERSION = YES;
				GCC_WARN_ABOUT_RETURN_TYPE = YES_ERROR;
				GCC_WARN_UNDECLARED_SELECTOR = YES;
				GCC_WARN_UNINITIALIZED_AUTOS = YES_AGGRESSIVE;
				GCC_WARN_UNUSED_FUNCTION = YES;
				GCC_WARN_UNUSED_VARIABLE = YES;
				IPHONEOS_DEPLOYMENT_TARGET = 13.4;
				MTL_ENABLE_DEBUG_INFO = NO;
				MTL_FAST_MATH = YES;
				SDKROOT = iphoneos;
				SWIFT_COMPILATION_MODE = wholemodule;
				SWIFT_OPTIMIZATION_LEVEL = "-O";
				VALIDATE_PRODUCT = YES;
			};
			name = Release;
		};
		AC4632312447593C00619284 /* Debug */ = {
			isa = XCBuildConfiguration;
			baseConfigurationReference = 927E4AED7593DE413C0F14EA /* Pods-Workouts.debug.xcconfig */;
			buildSettings = {
				ASSETCATALOG_COMPILER_APPICON_NAME = AppIcon;
				CODE_SIGN_ENTITLEMENTS = Workouts/Workouts.entitlements;
				CODE_SIGN_IDENTITY = "Apple Development";
				CODE_SIGN_STYLE = Automatic;
				CURRENT_PROJECT_VERSION = 11;
				DEVELOPMENT_ASSET_PATHS = "\"Workouts/Preview Content\"";
				DEVELOPMENT_TEAM = UHCTQ8X679;
				ENABLE_PREVIEWS = YES;
				INFOPLIST_FILE = Workouts/Info.plist;
				IPHONEOS_DEPLOYMENT_TARGET = 14.0;
				LD_RUNPATH_SEARCH_PATHS = (
					"$(inherited)",
					"@executable_path/Frameworks",
				);
				MARKETING_VERSION = 1.0;
				PRODUCT_BUNDLE_IDENTIFIER = com.emilycheroske.okapi;
				PRODUCT_NAME = "$(TARGET_NAME)";
				PROVISIONING_PROFILE_SPECIFIER = "";
				SWIFT_VERSION = 5.0;
				TARGETED_DEVICE_FAMILY = 1;
			};
			name = Debug;
		};
		AC4632322447593C00619284 /* Release */ = {
			isa = XCBuildConfiguration;
			baseConfigurationReference = 9B66A8E16238912FA086E27B /* Pods-Workouts.release.xcconfig */;
			buildSettings = {
				ASSETCATALOG_COMPILER_APPICON_NAME = AppIcon;
				CODE_SIGN_ENTITLEMENTS = Workouts/Workouts.entitlements;
				CODE_SIGN_IDENTITY = "Apple Development";
				CODE_SIGN_STYLE = Automatic;
				CURRENT_PROJECT_VERSION = 11;
				DEVELOPMENT_ASSET_PATHS = "\"Workouts/Preview Content\"";
				DEVELOPMENT_TEAM = UHCTQ8X679;
				ENABLE_PREVIEWS = YES;
				INFOPLIST_FILE = Workouts/Info.plist;
				IPHONEOS_DEPLOYMENT_TARGET = 14.0;
				LD_RUNPATH_SEARCH_PATHS = (
					"$(inherited)",
					"@executable_path/Frameworks",
				);
				MARKETING_VERSION = 1.0;
				PRODUCT_BUNDLE_IDENTIFIER = com.emilycheroske.okapi;
				PRODUCT_NAME = "$(TARGET_NAME)";
				PROVISIONING_PROFILE_SPECIFIER = "";
				SWIFT_VERSION = 5.0;
				TARGETED_DEVICE_FAMILY = 1;
			};
			name = Release;
		};
		AC4632342447593C00619284 /* Debug */ = {
			isa = XCBuildConfiguration;
			baseConfigurationReference = 255FA09A4C6BBA01BAEF242F /* Pods-WorkoutsTests.debug.xcconfig */;
			buildSettings = {
				ALWAYS_EMBED_SWIFT_STANDARD_LIBRARIES = YES;
				BUNDLE_LOADER = "$(TEST_HOST)";
				CODE_SIGN_STYLE = Automatic;
				INFOPLIST_FILE = WorkoutsTests/Info.plist;
				IPHONEOS_DEPLOYMENT_TARGET = 13.4;
				LD_RUNPATH_SEARCH_PATHS = (
					"$(inherited)",
					"@executable_path/Frameworks",
					"@loader_path/Frameworks",
				);
				PRODUCT_BUNDLE_IDENTIFIER = com.dawitelias.WorkoutsTests;
				PRODUCT_NAME = "$(TARGET_NAME)";
				SWIFT_VERSION = 5.0;
				TARGETED_DEVICE_FAMILY = "1,2";
				TEST_HOST = "$(BUILT_PRODUCTS_DIR)/Okapi.app/Okapi";
			};
			name = Debug;
		};
		AC4632352447593C00619284 /* Release */ = {
			isa = XCBuildConfiguration;
			baseConfigurationReference = 4493E0CFCFC4337FE79D361E /* Pods-WorkoutsTests.release.xcconfig */;
			buildSettings = {
				ALWAYS_EMBED_SWIFT_STANDARD_LIBRARIES = YES;
				BUNDLE_LOADER = "$(TEST_HOST)";
				CODE_SIGN_STYLE = Automatic;
				INFOPLIST_FILE = WorkoutsTests/Info.plist;
				IPHONEOS_DEPLOYMENT_TARGET = 13.4;
				LD_RUNPATH_SEARCH_PATHS = (
					"$(inherited)",
					"@executable_path/Frameworks",
					"@loader_path/Frameworks",
				);
				PRODUCT_BUNDLE_IDENTIFIER = com.dawitelias.WorkoutsTests;
				PRODUCT_NAME = "$(TARGET_NAME)";
				SWIFT_VERSION = 5.0;
				TARGETED_DEVICE_FAMILY = "1,2";
				TEST_HOST = "$(BUILT_PRODUCTS_DIR)/Okapi.app/Okapi";
			};
			name = Release;
		};
		AC4632372447593C00619284 /* Debug */ = {
			isa = XCBuildConfiguration;
			baseConfigurationReference = 38311890568573A70478422E /* Pods-Workouts-WorkoutsUITests.debug.xcconfig */;
			buildSettings = {
				ALWAYS_EMBED_SWIFT_STANDARD_LIBRARIES = YES;
				CODE_SIGN_STYLE = Automatic;
				INFOPLIST_FILE = WorkoutsUITests/Info.plist;
				LD_RUNPATH_SEARCH_PATHS = (
					"$(inherited)",
					"@executable_path/Frameworks",
					"@loader_path/Frameworks",
				);
				PRODUCT_BUNDLE_IDENTIFIER = com.dawitelias.WorkoutsUITests;
				PRODUCT_NAME = "$(TARGET_NAME)";
				SWIFT_VERSION = 5.0;
				TARGETED_DEVICE_FAMILY = "1,2";
				TEST_TARGET_NAME = Workouts;
			};
			name = Debug;
		};
		AC4632382447593C00619284 /* Release */ = {
			isa = XCBuildConfiguration;
			baseConfigurationReference = 63D1E61F55B25C451A14415C /* Pods-Workouts-WorkoutsUITests.release.xcconfig */;
			buildSettings = {
				ALWAYS_EMBED_SWIFT_STANDARD_LIBRARIES = YES;
				CODE_SIGN_STYLE = Automatic;
				INFOPLIST_FILE = WorkoutsUITests/Info.plist;
				LD_RUNPATH_SEARCH_PATHS = (
					"$(inherited)",
					"@executable_path/Frameworks",
					"@loader_path/Frameworks",
				);
				PRODUCT_BUNDLE_IDENTIFIER = com.dawitelias.WorkoutsUITests;
				PRODUCT_NAME = "$(TARGET_NAME)";
				SWIFT_VERSION = 5.0;
				TARGETED_DEVICE_FAMILY = "1,2";
				TEST_TARGET_NAME = Workouts;
			};
			name = Release;
		};
/* End XCBuildConfiguration section */

/* Begin XCConfigurationList section */
		AC4632012447593700619284 /* Build configuration list for PBXProject "Okapi" */ = {
			isa = XCConfigurationList;
			buildConfigurations = (
				AC46322E2447593C00619284 /* Debug */,
				AC46322F2447593C00619284 /* Release */,
			);
			defaultConfigurationIsVisible = 0;
			defaultConfigurationName = Release;
		};
		AC4632302447593C00619284 /* Build configuration list for PBXNativeTarget "Okapi" */ = {
			isa = XCConfigurationList;
			buildConfigurations = (
				AC4632312447593C00619284 /* Debug */,
				AC4632322447593C00619284 /* Release */,
			);
			defaultConfigurationIsVisible = 0;
			defaultConfigurationName = Release;
		};
		AC4632332447593C00619284 /* Build configuration list for PBXNativeTarget "OkapiTests" */ = {
			isa = XCConfigurationList;
			buildConfigurations = (
				AC4632342447593C00619284 /* Debug */,
				AC4632352447593C00619284 /* Release */,
			);
			defaultConfigurationIsVisible = 0;
			defaultConfigurationName = Release;
		};
		AC4632362447593C00619284 /* Build configuration list for PBXNativeTarget "OkapiUITests" */ = {
			isa = XCConfigurationList;
			buildConfigurations = (
				AC4632372447593C00619284 /* Debug */,
				AC4632382447593C00619284 /* Release */,
			);
			defaultConfigurationIsVisible = 0;
			defaultConfigurationName = Release;
		};
/* End XCConfigurationList section */

/* Begin XCRemoteSwiftPackageReference section */
		A558979D2575ABDD004A064B /* XCRemoteSwiftPackageReference "ChartView" */ = {
			isa = XCRemoteSwiftPackageReference;
			repositoryURL = "https://github.com/emilyCheroske/ChartView";
			requirement = {
				branch = master;
				kind = branch;
			};
		};
/* End XCRemoteSwiftPackageReference section */

/* Begin XCSwiftPackageProductDependency section */
		A558979E2575ABDD004A064B /* SwiftUICharts */ = {
			isa = XCSwiftPackageProductDependency;
			package = A558979D2575ABDD004A064B /* XCRemoteSwiftPackageReference "ChartView" */;
			productName = SwiftUICharts;
		};
/* End XCSwiftPackageProductDependency section */
	};
	rootObject = AC4631FE2447593700619284 /* Project object */;
}
